// !$*UTF8*$!
{
	archiveVersion = 1;
	classes = {
	};
	objectVersion = 50;
	objects = {

/* Begin PBXBuildFile section */
		2DE8B287EE1BFDF03A30BF17 /* Pods_YouTVDemoTests.framework in Frameworks */ = {isa = PBXBuildFile; fileRef = EDF7B8E92AABED0D799711CB /* Pods_YouTVDemoTests.framework */; };
		BACBC8E0D4E28E8B3157C392 /* Pods_YouTVDemo.framework in Frameworks */ = {isa = PBXBuildFile; fileRef = 3BADE92D376689D4C33B6142 /* Pods_YouTVDemo.framework */; };
		F82765992635DCE200867E89 /* AppDelegate.swift in Sources */ = {isa = PBXBuildFile; fileRef = F82765982635DCE200867E89 /* AppDelegate.swift */; };
		F827659B2635DCE200867E89 /* SceneDelegate.swift in Sources */ = {isa = PBXBuildFile; fileRef = F827659A2635DCE200867E89 /* SceneDelegate.swift */; };
		F827659D2635DCE200867E89 /* ViewController.swift in Sources */ = {isa = PBXBuildFile; fileRef = F827659C2635DCE200867E89 /* ViewController.swift */; };
		F82765A02635DCE200867E89 /* Main.storyboard in Resources */ = {isa = PBXBuildFile; fileRef = F827659E2635DCE200867E89 /* Main.storyboard */; };
		F82765A22635DCE500867E89 /* Assets.xcassets in Resources */ = {isa = PBXBuildFile; fileRef = F82765A12635DCE500867E89 /* Assets.xcassets */; };
		F82765A52635DCE500867E89 /* LaunchScreen.storyboard in Resources */ = {isa = PBXBuildFile; fileRef = F82765A32635DCE500867E89 /* LaunchScreen.storyboard */; };
		F82765B02635DCE500867E89 /* YouTVDemoTests.swift in Sources */ = {isa = PBXBuildFile; fileRef = F82765AF2635DCE500867E89 /* YouTVDemoTests.swift */; };
		F82765BB2635DCE500867E89 /* YouTVDemoUITests.swift in Sources */ = {isa = PBXBuildFile; fileRef = F82765BA2635DCE500867E89 /* YouTVDemoUITests.swift */; };
/* End PBXBuildFile section */

/* Begin PBXContainerItemProxy section */
		F82765AC2635DCE500867E89 /* PBXContainerItemProxy */ = {
			isa = PBXContainerItemProxy;
			containerPortal = F84C9EC62635CF4E00114010 /* Project object */;
			proxyType = 1;
			remoteGlobalIDString = F82765952635DCE200867E89;
			remoteInfo = YouTVDemo;
		};
		F82765B72635DCE500867E89 /* PBXContainerItemProxy */ = {
			isa = PBXContainerItemProxy;
			containerPortal = F84C9EC62635CF4E00114010 /* Project object */;
			proxyType = 1;
			remoteGlobalIDString = F82765952635DCE200867E89;
			remoteInfo = YouTVDemo;
		};
/* End PBXContainerItemProxy section */

/* Begin PBXFileReference section */
		3BADE92D376689D4C33B6142 /* Pods_YouTVDemo.framework */ = {isa = PBXFileReference; explicitFileType = wrapper.framework; includeInIndex = 0; path = Pods_YouTVDemo.framework; sourceTree = BUILT_PRODUCTS_DIR; };
		3C12365F66D8EBA3C38C4323 /* Pods-YouTVDemo.debug.xcconfig */ = {isa = PBXFileReference; includeInIndex = 1; lastKnownFileType = text.xcconfig; name = "Pods-YouTVDemo.debug.xcconfig"; path = "Target Support Files/Pods-YouTVDemo/Pods-YouTVDemo.debug.xcconfig"; sourceTree = "<group>"; };
		71B818BEA4739D883F6F9013 /* Pods-YouTVDemoTests.debug.xcconfig */ = {isa = PBXFileReference; includeInIndex = 1; lastKnownFileType = text.xcconfig; name = "Pods-YouTVDemoTests.debug.xcconfig"; path = "Target Support Files/Pods-YouTVDemoTests/Pods-YouTVDemoTests.debug.xcconfig"; sourceTree = "<group>"; };
		95474D19F7607F1EC74C7BF0 /* Pods-YouTVDemo.release.xcconfig */ = {isa = PBXFileReference; includeInIndex = 1; lastKnownFileType = text.xcconfig; name = "Pods-YouTVDemo.release.xcconfig"; path = "Target Support Files/Pods-YouTVDemo/Pods-YouTVDemo.release.xcconfig"; sourceTree = "<group>"; };
		AEAA983F698A5A870975764F /* Pods-YouTVDemoTests.release.xcconfig */ = {isa = PBXFileReference; includeInIndex = 1; lastKnownFileType = text.xcconfig; name = "Pods-YouTVDemoTests.release.xcconfig"; path = "Target Support Files/Pods-YouTVDemoTests/Pods-YouTVDemoTests.release.xcconfig"; sourceTree = "<group>"; };
		EDF7B8E92AABED0D799711CB /* Pods_YouTVDemoTests.framework */ = {isa = PBXFileReference; explicitFileType = wrapper.framework; includeInIndex = 0; path = Pods_YouTVDemoTests.framework; sourceTree = BUILT_PRODUCTS_DIR; };
		F82765962635DCE200867E89 /* YouTVDemo.app */ = {isa = PBXFileReference; explicitFileType = wrapper.application; includeInIndex = 0; path = YouTVDemo.app; sourceTree = BUILT_PRODUCTS_DIR; };
		F82765982635DCE200867E89 /* AppDelegate.swift */ = {isa = PBXFileReference; lastKnownFileType = sourcecode.swift; path = AppDelegate.swift; sourceTree = "<group>"; };
		F827659A2635DCE200867E89 /* SceneDelegate.swift */ = {isa = PBXFileReference; lastKnownFileType = sourcecode.swift; path = SceneDelegate.swift; sourceTree = "<group>"; };
		F827659C2635DCE200867E89 /* ViewController.swift */ = {isa = PBXFileReference; lastKnownFileType = sourcecode.swift; path = ViewController.swift; sourceTree = "<group>"; };
		F827659F2635DCE200867E89 /* Base */ = {isa = PBXFileReference; lastKnownFileType = file.storyboard; name = Base; path = Base.lproj/Main.storyboard; sourceTree = "<group>"; };
		F82765A12635DCE500867E89 /* Assets.xcassets */ = {isa = PBXFileReference; lastKnownFileType = folder.assetcatalog; path = Assets.xcassets; sourceTree = "<group>"; };
		F82765A42635DCE500867E89 /* Base */ = {isa = PBXFileReference; lastKnownFileType = file.storyboard; name = Base; path = Base.lproj/LaunchScreen.storyboard; sourceTree = "<group>"; };
		F82765A62635DCE500867E89 /* Info.plist */ = {isa = PBXFileReference; lastKnownFileType = text.plist.xml; path = Info.plist; sourceTree = "<group>"; };
		F82765AB2635DCE500867E89 /* YouTVDemoTests.xctest */ = {isa = PBXFileReference; explicitFileType = wrapper.cfbundle; includeInIndex = 0; path = YouTVDemoTests.xctest; sourceTree = BUILT_PRODUCTS_DIR; };
		F82765AF2635DCE500867E89 /* YouTVDemoTests.swift */ = {isa = PBXFileReference; lastKnownFileType = sourcecode.swift; path = YouTVDemoTests.swift; sourceTree = "<group>"; };
		F82765B12635DCE500867E89 /* Info.plist */ = {isa = PBXFileReference; lastKnownFileType = text.plist.xml; path = Info.plist; sourceTree = "<group>"; };
		F82765B62635DCE500867E89 /* YouTVDemoUITests.xctest */ = {isa = PBXFileReference; explicitFileType = wrapper.cfbundle; includeInIndex = 0; path = YouTVDemoUITests.xctest; sourceTree = BUILT_PRODUCTS_DIR; };
		F82765BA2635DCE500867E89 /* YouTVDemoUITests.swift */ = {isa = PBXFileReference; lastKnownFileType = sourcecode.swift; path = YouTVDemoUITests.swift; sourceTree = "<group>"; };
		F82765BC2635DCE500867E89 /* Info.plist */ = {isa = PBXFileReference; lastKnownFileType = text.plist.xml; path = Info.plist; sourceTree = "<group>"; };
/* End PBXFileReference section */

/* Begin PBXFrameworksBuildPhase section */
		F82765932635DCE200867E89 /* Frameworks */ = {
			isa = PBXFrameworksBuildPhase;
			buildActionMask = 2147483647;
			files = (
				BACBC8E0D4E28E8B3157C392 /* Pods_YouTVDemo.framework in Frameworks */,
			);
			runOnlyForDeploymentPostprocessing = 0;
		};
		F82765A82635DCE500867E89 /* Frameworks */ = {
			isa = PBXFrameworksBuildPhase;
			buildActionMask = 2147483647;
			files = (
				2DE8B287EE1BFDF03A30BF17 /* Pods_YouTVDemoTests.framework in Frameworks */,
			);
			runOnlyForDeploymentPostprocessing = 0;
		};
		F82765B32635DCE500867E89 /* Frameworks */ = {
			isa = PBXFrameworksBuildPhase;
			buildActionMask = 2147483647;
			files = (
			);
			runOnlyForDeploymentPostprocessing = 0;
		};
/* End PBXFrameworksBuildPhase section */

/* Begin PBXGroup section */
		039BC83E7768111071D5DBBB /* Pods */ = {
			isa = PBXGroup;
			children = (
				3C12365F66D8EBA3C38C4323 /* Pods-YouTVDemo.debug.xcconfig */,
				95474D19F7607F1EC74C7BF0 /* Pods-YouTVDemo.release.xcconfig */,
				71B818BEA4739D883F6F9013 /* Pods-YouTVDemoTests.debug.xcconfig */,
				AEAA983F698A5A870975764F /* Pods-YouTVDemoTests.release.xcconfig */,
			);
			name = Pods;
			path = Pods;
			sourceTree = "<group>";
		};
		F39466AA0745300C38EF41F6 /* Frameworks */ = {
			isa = PBXGroup;
			children = (
				3BADE92D376689D4C33B6142 /* Pods_YouTVDemo.framework */,
				EDF7B8E92AABED0D799711CB /* Pods_YouTVDemoTests.framework */,
			);
			name = Frameworks;
			sourceTree = "<group>";
		};
		F82765972635DCE200867E89 /* YouTVDemo */ = {
			isa = PBXGroup;
			children = (
				F82765982635DCE200867E89 /* AppDelegate.swift */,
				F827659A2635DCE200867E89 /* SceneDelegate.swift */,
				F827659C2635DCE200867E89 /* ViewController.swift */,
				F827659E2635DCE200867E89 /* Main.storyboard */,
				F82765A12635DCE500867E89 /* Assets.xcassets */,
				F82765A32635DCE500867E89 /* LaunchScreen.storyboard */,
				F82765A62635DCE500867E89 /* Info.plist */,
			);
			path = YouTVDemo;
			sourceTree = "<group>";
		};
		F82765AE2635DCE500867E89 /* YouTVDemoTests */ = {
			isa = PBXGroup;
			children = (
				F82765AF2635DCE500867E89 /* YouTVDemoTests.swift */,
				F82765B12635DCE500867E89 /* Info.plist */,
			);
			path = YouTVDemoTests;
			sourceTree = "<group>";
		};
		F82765B92635DCE500867E89 /* YouTVDemoUITests */ = {
			isa = PBXGroup;
			children = (
				F82765BA2635DCE500867E89 /* YouTVDemoUITests.swift */,
				F82765BC2635DCE500867E89 /* Info.plist */,
			);
			path = YouTVDemoUITests;
			sourceTree = "<group>";
		};
		F84C9EC52635CF4E00114010 = {
			isa = PBXGroup;
			children = (
				F82765972635DCE200867E89 /* YouTVDemo */,
				F82765AE2635DCE500867E89 /* YouTVDemoTests */,
				F82765B92635DCE500867E89 /* YouTVDemoUITests */,
				F84C9ECF2635CF4E00114010 /* Products */,
				039BC83E7768111071D5DBBB /* Pods */,
				F39466AA0745300C38EF41F6 /* Frameworks */,
			);
			sourceTree = "<group>";
		};
		F84C9ECF2635CF4E00114010 /* Products */ = {
			isa = PBXGroup;
			children = (
				F82765962635DCE200867E89 /* YouTVDemo.app */,
				F82765AB2635DCE500867E89 /* YouTVDemoTests.xctest */,
				F82765B62635DCE500867E89 /* YouTVDemoUITests.xctest */,
			);
			name = Products;
			sourceTree = "<group>";
		};
/* End PBXGroup section */

/* Begin PBXNativeTarget section */
		F82765952635DCE200867E89 /* YouTVDemo */ = {
			isa = PBXNativeTarget;
			buildConfigurationList = F82765BD2635DCE500867E89 /* Build configuration list for PBXNativeTarget "YouTVDemo" */;
			buildPhases = (
				6452BDAA6B6FBBB175CF6287 /* [CP] Check Pods Manifest.lock */,
				F82765922635DCE200867E89 /* Sources */,
				F82765932635DCE200867E89 /* Frameworks */,
				F82765942635DCE200867E89 /* Resources */,
				2B8572D6E39D631FD02D21A3 /* [CP] Embed Pods Frameworks */,
			);
			buildRules = (
			);
			dependencies = (
			);
			name = YouTVDemo;
			productName = YouTVDemo;
			productReference = F82765962635DCE200867E89 /* YouTVDemo.app */;
			productType = "com.apple.product-type.application";
		};
		F82765AA2635DCE500867E89 /* YouTVDemoTests */ = {
			isa = PBXNativeTarget;
			buildConfigurationList = F82765C02635DCE500867E89 /* Build configuration list for PBXNativeTarget "YouTVDemoTests" */;
			buildPhases = (
				5CF4A2BF6542272C31832C6D /* [CP] Check Pods Manifest.lock */,
				F82765A72635DCE500867E89 /* Sources */,
				F82765A82635DCE500867E89 /* Frameworks */,
				F82765A92635DCE500867E89 /* Resources */,
				5976142CB4AB6076E1CAA40A /* [CP] Embed Pods Frameworks */,
			);
			buildRules = (
			);
			dependencies = (
				F82765AD2635DCE500867E89 /* PBXTargetDependency */,
			);
			name = YouTVDemoTests;
			productName = YouTVDemoTests;
			productReference = F82765AB2635DCE500867E89 /* YouTVDemoTests.xctest */;
			productType = "com.apple.product-type.bundle.unit-test";
		};
		F82765B52635DCE500867E89 /* YouTVDemoUITests */ = {
			isa = PBXNativeTarget;
			buildConfigurationList = F82765C32635DCE500867E89 /* Build configuration list for PBXNativeTarget "YouTVDemoUITests" */;
			buildPhases = (
				F82765B22635DCE500867E89 /* Sources */,
				F82765B32635DCE500867E89 /* Frameworks */,
				F82765B42635DCE500867E89 /* Resources */,
			);
			buildRules = (
			);
			dependencies = (
				F82765B82635DCE500867E89 /* PBXTargetDependency */,
			);
			name = YouTVDemoUITests;
			productName = YouTVDemoUITests;
			productReference = F82765B62635DCE500867E89 /* YouTVDemoUITests.xctest */;
			productType = "com.apple.product-type.bundle.ui-testing";
		};
/* End PBXNativeTarget section */

/* Begin PBXProject section */
		F84C9EC62635CF4E00114010 /* Project object */ = {
			isa = PBXProject;
			attributes = {
				LastSwiftUpdateCheck = 1220;
				LastUpgradeCheck = 1220;
				TargetAttributes = {
					F82765952635DCE200867E89 = {
						CreatedOnToolsVersion = 12.2;
					};
					F82765AA2635DCE500867E89 = {
						CreatedOnToolsVersion = 12.2;
						TestTargetID = F82765952635DCE200867E89;
					};
					F82765B52635DCE500867E89 = {
						CreatedOnToolsVersion = 12.2;
						TestTargetID = F82765952635DCE200867E89;
					};
				};
			};
			buildConfigurationList = F84C9EC92635CF4E00114010 /* Build configuration list for PBXProject "YouTV-App" */;
			compatibilityVersion = "Xcode 9.3";
			developmentRegion = en;
			hasScannedForEncodings = 0;
			knownRegions = (
				en,
				Base,
			);
			mainGroup = F84C9EC52635CF4E00114010;
			productRefGroup = F84C9ECF2635CF4E00114010 /* Products */;
			projectDirPath = "";
			projectRoot = "";
			targets = (
				F82765952635DCE200867E89 /* YouTVDemo */,
				F82765AA2635DCE500867E89 /* YouTVDemoTests */,
				F82765B52635DCE500867E89 /* YouTVDemoUITests */,
			);
		};
/* End PBXProject section */

/* Begin PBXResourcesBuildPhase section */
		F82765942635DCE200867E89 /* Resources */ = {
			isa = PBXResourcesBuildPhase;
			buildActionMask = 2147483647;
			files = (
				F82765A52635DCE500867E89 /* LaunchScreen.storyboard in Resources */,
				F82765A22635DCE500867E89 /* Assets.xcassets in Resources */,
				F82765A02635DCE200867E89 /* Main.storyboard in Resources */,
			);
			runOnlyForDeploymentPostprocessing = 0;
		};
		F82765A92635DCE500867E89 /* Resources */ = {
			isa = PBXResourcesBuildPhase;
			buildActionMask = 2147483647;
			files = (
			);
			runOnlyForDeploymentPostprocessing = 0;
		};
		F82765B42635DCE500867E89 /* Resources */ = {
			isa = PBXResourcesBuildPhase;
			buildActionMask = 2147483647;
			files = (
			);
			runOnlyForDeploymentPostprocessing = 0;
		};
/* End PBXResourcesBuildPhase section */

/* Begin PBXShellScriptBuildPhase section */
		2B8572D6E39D631FD02D21A3 /* [CP] Embed Pods Frameworks */ = {
			isa = PBXShellScriptBuildPhase;
			buildActionMask = 2147483647;
			files = (
			);
			inputFileListPaths = (
				"${PODS_ROOT}/Target Support Files/Pods-YouTVDemo/Pods-YouTVDemo-frameworks-${CONFIGURATION}-input-files.xcfilelist",
			);
			name = "[CP] Embed Pods Frameworks";
			outputFileListPaths = (
				"${PODS_ROOT}/Target Support Files/Pods-YouTVDemo/Pods-YouTVDemo-frameworks-${CONFIGURATION}-output-files.xcfilelist",
			);
			runOnlyForDeploymentPostprocessing = 0;
			shellPath = /bin/sh;
			shellScript = "\"${PODS_ROOT}/Target Support Files/Pods-YouTVDemo/Pods-YouTVDemo-frameworks.sh\"\n";
			showEnvVarsInLog = 0;
		};
		5976142CB4AB6076E1CAA40A /* [CP] Embed Pods Frameworks */ = {
			isa = PBXShellScriptBuildPhase;
			buildActionMask = 2147483647;
			files = (
			);
			inputFileListPaths = (
				"${PODS_ROOT}/Target Support Files/Pods-YouTVDemoTests/Pods-YouTVDemoTests-frameworks-${CONFIGURATION}-input-files.xcfilelist",
			);
			name = "[CP] Embed Pods Frameworks";
			outputFileListPaths = (
				"${PODS_ROOT}/Target Support Files/Pods-YouTVDemoTests/Pods-YouTVDemoTests-frameworks-${CONFIGURATION}-output-files.xcfilelist",
			);
			runOnlyForDeploymentPostprocessing = 0;
			shellPath = /bin/sh;
			shellScript = "\"${PODS_ROOT}/Target Support Files/Pods-YouTVDemoTests/Pods-YouTVDemoTests-frameworks.sh\"\n";
			showEnvVarsInLog = 0;
		};
		5CF4A2BF6542272C31832C6D /* [CP] Check Pods Manifest.lock */ = {
			isa = PBXShellScriptBuildPhase;
			buildActionMask = 2147483647;
			files = (
			);
			inputFileListPaths = (
			);
			inputPaths = (
				"${PODS_PODFILE_DIR_PATH}/Podfile.lock",
				"${PODS_ROOT}/Manifest.lock",
			);
			name = "[CP] Check Pods Manifest.lock";
			outputFileListPaths = (
			);
			outputPaths = (
				"$(DERIVED_FILE_DIR)/Pods-YouTVDemoTests-checkManifestLockResult.txt",
			);
			runOnlyForDeploymentPostprocessing = 0;
			shellPath = /bin/sh;
			shellScript = "diff \"${PODS_PODFILE_DIR_PATH}/Podfile.lock\" \"${PODS_ROOT}/Manifest.lock\" > /dev/null\nif [ $? != 0 ] ; then\n    # print error to STDERR\n    echo \"error: The sandbox is not in sync with the Podfile.lock. Run 'pod install' or update your CocoaPods installation.\" >&2\n    exit 1\nfi\n# This output is used by Xcode 'outputs' to avoid re-running this script phase.\necho \"SUCCESS\" > \"${SCRIPT_OUTPUT_FILE_0}\"\n";
			showEnvVarsInLog = 0;
		};
		6452BDAA6B6FBBB175CF6287 /* [CP] Check Pods Manifest.lock */ = {
			isa = PBXShellScriptBuildPhase;
			buildActionMask = 2147483647;
			files = (
			);
			inputFileListPaths = (
			);
			inputPaths = (
				"${PODS_PODFILE_DIR_PATH}/Podfile.lock",
				"${PODS_ROOT}/Manifest.lock",
			);
			name = "[CP] Check Pods Manifest.lock";
			outputFileListPaths = (
			);
			outputPaths = (
				"$(DERIVED_FILE_DIR)/Pods-YouTVDemo-checkManifestLockResult.txt",
			);
			runOnlyForDeploymentPostprocessing = 0;
			shellPath = /bin/sh;
			shellScript = "diff \"${PODS_PODFILE_DIR_PATH}/Podfile.lock\" \"${PODS_ROOT}/Manifest.lock\" > /dev/null\nif [ $? != 0 ] ; then\n    # print error to STDERR\n    echo \"error: The sandbox is not in sync with the Podfile.lock. Run 'pod install' or update your CocoaPods installation.\" >&2\n    exit 1\nfi\n# This output is used by Xcode 'outputs' to avoid re-running this script phase.\necho \"SUCCESS\" > \"${SCRIPT_OUTPUT_FILE_0}\"\n";
			showEnvVarsInLog = 0;
		};
/* End PBXShellScriptBuildPhase section */

/* Begin PBXSourcesBuildPhase section */
		F82765922635DCE200867E89 /* Sources */ = {
			isa = PBXSourcesBuildPhase;
			buildActionMask = 2147483647;
			files = (
				F827659D2635DCE200867E89 /* ViewController.swift in Sources */,
				F82765992635DCE200867E89 /* AppDelegate.swift in Sources */,
				F827659B2635DCE200867E89 /* SceneDelegate.swift in Sources */,
			);
			runOnlyForDeploymentPostprocessing = 0;
		};
		F82765A72635DCE500867E89 /* Sources */ = {
			isa = PBXSourcesBuildPhase;
			buildActionMask = 2147483647;
			files = (
				F82765B02635DCE500867E89 /* YouTVDemoTests.swift in Sources */,
			);
			runOnlyForDeploymentPostprocessing = 0;
		};
		F82765B22635DCE500867E89 /* Sources */ = {
			isa = PBXSourcesBuildPhase;
			buildActionMask = 2147483647;
			files = (
				F82765BB2635DCE500867E89 /* YouTVDemoUITests.swift in Sources */,
			);
			runOnlyForDeploymentPostprocessing = 0;
		};
/* End PBXSourcesBuildPhase section */

/* Begin PBXTargetDependency section */
		F82765AD2635DCE500867E89 /* PBXTargetDependency */ = {
			isa = PBXTargetDependency;
			target = F82765952635DCE200867E89 /* YouTVDemo */;
			targetProxy = F82765AC2635DCE500867E89 /* PBXContainerItemProxy */;
		};
		F82765B82635DCE500867E89 /* PBXTargetDependency */ = {
			isa = PBXTargetDependency;
			target = F82765952635DCE200867E89 /* YouTVDemo */;
			targetProxy = F82765B72635DCE500867E89 /* PBXContainerItemProxy */;
		};
/* End PBXTargetDependency section */

/* Begin PBXVariantGroup section */
		F827659E2635DCE200867E89 /* Main.storyboard */ = {
			isa = PBXVariantGroup;
			children = (
				F827659F2635DCE200867E89 /* Base */,
			);
			name = Main.storyboard;
			sourceTree = "<group>";
		};
		F82765A32635DCE500867E89 /* LaunchScreen.storyboard */ = {
			isa = PBXVariantGroup;
			children = (
				F82765A42635DCE500867E89 /* Base */,
			);
			name = LaunchScreen.storyboard;
			sourceTree = "<group>";
		};
/* End PBXVariantGroup section */

/* Begin XCBuildConfiguration section */
		F82765BE2635DCE500867E89 /* Debug */ = {
			isa = XCBuildConfiguration;
			baseConfigurationReference = 3C12365F66D8EBA3C38C4323 /* Pods-YouTVDemo.debug.xcconfig */;
			buildSettings = {
				ASSETCATALOG_COMPILER_APPICON_NAME = AppIcon;
				ASSETCATALOG_COMPILER_GLOBAL_ACCENT_COLOR_NAME = AccentColor;
				CODE_SIGN_STYLE = Automatic;
				DEVELOPMENT_TEAM = 638B4QA28J;
				INFOPLIST_FILE = YouTVDemo/Info.plist;
				LD_RUNPATH_SEARCH_PATHS = (
					"$(inherited)",
					"@executable_path/Frameworks",
				);
				PRODUCT_BUNDLE_IDENTIFIER = me.ifarshad..YouTVDemo;
				PRODUCT_NAME = "$(TARGET_NAME)";
				SWIFT_VERSION = 5.0;
				TARGETED_DEVICE_FAMILY = "1,2";
			};
			name = Debug;
		};
		F82765BF2635DCE500867E89 /* Release */ = {
			isa = XCBuildConfiguration;
			baseConfigurationReference = 95474D19F7607F1EC74C7BF0 /* Pods-YouTVDemo.release.xcconfig */;
			buildSettings = {
				ASSETCATALOG_COMPILER_APPICON_NAME = AppIcon;
				ASSETCATALOG_COMPILER_GLOBAL_ACCENT_COLOR_NAME = AccentColor;
				CODE_SIGN_STYLE = Automatic;
				DEVELOPMENT_TEAM = 638B4QA28J;
				INFOPLIST_FILE = YouTVDemo/Info.plist;
				LD_RUNPATH_SEARCH_PATHS = (
					"$(inherited)",
					"@executable_path/Frameworks",
				);
				PRODUCT_BUNDLE_IDENTIFIER = me.ifarshad..YouTVDemo;
				PRODUCT_NAME = "$(TARGET_NAME)";
				SWIFT_VERSION = 5.0;
				TARGETED_DEVICE_FAMILY = "1,2";
			};
			name = Release;
		};
		F82765C12635DCE500867E89 /* Debug */ = {
			isa = XCBuildConfiguration;
			baseConfigurationReference = 71B818BEA4739D883F6F9013 /* Pods-YouTVDemoTests.debug.xcconfig */;
			buildSettings = {
				ALWAYS_EMBED_SWIFT_STANDARD_LIBRARIES = YES;
				BUNDLE_LOADER = "$(TEST_HOST)";
				CODE_SIGN_STYLE = Automatic;
				DEVELOPMENT_TEAM = 638B4QA28J;
				INFOPLIST_FILE = YouTVDemoTests/Info.plist;
				IPHONEOS_DEPLOYMENT_TARGET = 14.2;
				LD_RUNPATH_SEARCH_PATHS = (
					"$(inherited)",
					"@executable_path/Frameworks",
					"@loader_path/Frameworks",
				);
				PRODUCT_BUNDLE_IDENTIFIER = me.ifarshad..YouTVDemoTests;
				PRODUCT_NAME = "$(TARGET_NAME)";
				SWIFT_VERSION = 5.0;
				TARGETED_DEVICE_FAMILY = "1,2";
				TEST_HOST = "$(BUILT_PRODUCTS_DIR)/YouTVDemo.app/YouTVDemo";
			};
			name = Debug;
		};
		F82765C22635DCE500867E89 /* Release */ = {
			isa = XCBuildConfiguration;
			baseConfigurationReference = AEAA983F698A5A870975764F /* Pods-YouTVDemoTests.release.xcconfig */;
			buildSettings = {
				ALWAYS_EMBED_SWIFT_STANDARD_LIBRARIES = YES;
				BUNDLE_LOADER = "$(TEST_HOST)";
				CODE_SIGN_STYLE = Automatic;
				DEVELOPMENT_TEAM = 638B4QA28J;
				INFOPLIST_FILE = YouTVDemoTests/Info.plist;
				IPHONEOS_DEPLOYMENT_TARGET = 14.2;
				LD_RUNPATH_SEARCH_PATHS = (
					"$(inherited)",
					"@executable_path/Frameworks",
					"@loader_path/Frameworks",
				);
				PRODUCT_BUNDLE_IDENTIFIER = me.ifarshad..YouTVDemoTests;
				PRODUCT_NAME = "$(TARGET_NAME)";
				SWIFT_VERSION = 5.0;
				TARGETED_DEVICE_FAMILY = "1,2";
				TEST_HOST = "$(BUILT_PRODUCTS_DIR)/YouTVDemo.app/YouTVDemo";
			};
			name = Release;
		};
		F82765C42635DCE500867E89 /* Debug */ = {
			isa = XCBuildConfiguration;
			buildSettings = {
				ALWAYS_EMBED_SWIFT_STANDARD_LIBRARIES = YES;
				CODE_SIGN_STYLE = Automatic;
				DEVELOPMENT_TEAM = 638B4QA28J;
				INFOPLIST_FILE = YouTVDemoUITests/Info.plist;
				LD_RUNPATH_SEARCH_PATHS = (
					"$(inherited)",
					"@executable_path/Frameworks",
					"@loader_path/Frameworks",
				);
				PRODUCT_BUNDLE_IDENTIFIER = me.ifarshad..YouTVDemoUITests;
				PRODUCT_NAME = "$(TARGET_NAME)";
				SWIFT_VERSION = 5.0;
				TARGETED_DEVICE_FAMILY = "1,2";
				TEST_TARGET_NAME = YouTVDemo;
			};
			name = Debug;
		};
		F82765C52635DCE500867E89 /* Release */ = {
			isa = XCBuildConfiguration;
			buildSettings = {
				ALWAYS_EMBED_SWIFT_STANDARD_LIBRARIES = YES;
				CODE_SIGN_STYLE = Automatic;
				DEVELOPMENT_TEAM = 638B4QA28J;
				INFOPLIST_FILE = YouTVDemoUITests/Info.plist;
				LD_RUNPATH_SEARCH_PATHS = (
					"$(inherited)",
					"@executable_path/Frameworks",
					"@loader_path/Frameworks",
				);
				PRODUCT_BUNDLE_IDENTIFIER = me.ifarshad..YouTVDemoUITests;
				PRODUCT_NAME = "$(TARGET_NAME)";
				SWIFT_VERSION = 5.0;
				TARGETED_DEVICE_FAMILY = "1,2";
				TEST_TARGET_NAME = YouTVDemo;
			};
			name = Release;
		};
		F84C9EF12635CF5200114010 /* Debug */ = {
			isa = XCBuildConfiguration;
			buildSettings = {
				ALWAYS_SEARCH_USER_PATHS = NO;
				CLANG_ANALYZER_NONNULL = YES;
				CLANG_ANALYZER_NUMBER_OBJECT_CONVERSION = YES_AGGRESSIVE;
				CLANG_CXX_LANGUAGE_STANDARD = "gnu++14";
				CLANG_CXX_LIBRARY = "libc++";
				CLANG_ENABLE_MODULES = YES;
				CLANG_ENABLE_OBJC_ARC = YES;
				CLANG_ENABLE_OBJC_WEAK = YES;
				CLANG_WARN_BLOCK_CAPTURE_AUTORELEASING = YES;
				CLANG_WARN_BOOL_CONVERSION = YES;
				CLANG_WARN_COMMA = YES;
				CLANG_WARN_CONSTANT_CONVERSION = YES;
				CLANG_WARN_DEPRECATED_OBJC_IMPLEMENTATIONS = YES;
				CLANG_WARN_DIRECT_OBJC_ISA_USAGE = YES_ERROR;
				CLANG_WARN_DOCUMENTATION_COMMENTS = YES;
				CLANG_WARN_EMPTY_BODY = YES;
				CLANG_WARN_ENUM_CONVERSION = YES;
				CLANG_WARN_INFINITE_RECURSION = YES;
				CLANG_WARN_INT_CONVERSION = YES;
				CLANG_WARN_NON_LITERAL_NULL_CONVERSION = YES;
				CLANG_WARN_OBJC_IMPLICIT_RETAIN_SELF = YES;
				CLANG_WARN_OBJC_LITERAL_CONVERSION = YES;
				CLANG_WARN_OBJC_ROOT_CLASS = YES_ERROR;
				CLANG_WARN_QUOTED_INCLUDE_IN_FRAMEWORK_HEADER = YES;
				CLANG_WARN_RANGE_LOOP_ANALYSIS = YES;
				CLANG_WARN_STRICT_PROTOTYPES = YES;
				CLANG_WARN_SUSPICIOUS_MOVE = YES;
				CLANG_WARN_UNGUARDED_AVAILABILITY = YES_AGGRESSIVE;
				CLANG_WARN_UNREACHABLE_CODE = YES;
				CLANG_WARN__DUPLICATE_METHOD_MATCH = YES;
				COPY_PHASE_STRIP = NO;
				DEBUG_INFORMATION_FORMAT = dwarf;
				ENABLE_STRICT_OBJC_MSGSEND = YES;
				ENABLE_TESTABILITY = YES;
				GCC_C_LANGUAGE_STANDARD = gnu11;
				GCC_DYNAMIC_NO_PIC = NO;
				GCC_NO_COMMON_BLOCKS = YES;
				GCC_OPTIMIZATION_LEVEL = 0;
				GCC_PREPROCESSOR_DEFINITIONS = (
					"DEBUG=1",
					"$(inherited)",
				);
				GCC_WARN_64_TO_32_BIT_CONVERSION = YES;
				GCC_WARN_ABOUT_RETURN_TYPE = YES_ERROR;
				GCC_WARN_UNDECLARED_SELECTOR = YES;
				GCC_WARN_UNINITIALIZED_AUTOS = YES_AGGRESSIVE;
				GCC_WARN_UNUSED_FUNCTION = YES;
				GCC_WARN_UNUSED_VARIABLE = YES;
				IPHONEOS_DEPLOYMENT_TARGET = 14.2;
				MTL_ENABLE_DEBUG_INFO = INCLUDE_SOURCE;
				MTL_FAST_MATH = YES;
				ONLY_ACTIVE_ARCH = YES;
				SDKROOT = iphoneos;
				SWIFT_ACTIVE_COMPILATION_CONDITIONS = DEBUG;
				SWIFT_OPTIMIZATION_LEVEL = "-Onone";
			};
			name = Debug;
		};
		F84C9EF22635CF5200114010 /* Release */ = {
			isa = XCBuildConfiguration;
			buildSettings = {
				ALWAYS_SEARCH_USER_PATHS = NO;
				CLANG_ANALYZER_NONNULL = YES;
				CLANG_ANALYZER_NUMBER_OBJECT_CONVERSION = YES_AGGRESSIVE;
				CLANG_CXX_LANGUAGE_STANDARD = "gnu++14";
				CLANG_CXX_LIBRARY = "libc++";
				CLANG_ENABLE_MODULES = YES;
				CLANG_ENABLE_OBJC_ARC = YES;
				CLANG_ENABLE_OBJC_WEAK = YES;
				CLANG_WARN_BLOCK_CAPTURE_AUTORELEASING = YES;
				CLANG_WARN_BOOL_CONVERSION = YES;
				CLANG_WARN_COMMA = YES;
				CLANG_WARN_CONSTANT_CONVERSION = YES;
				CLANG_WARN_DEPRECATED_OBJC_IMPLEMENTATIONS = YES;
				CLANG_WARN_DIRECT_OBJC_ISA_USAGE = YES_ERROR;
				CLANG_WARN_DOCUMENTATION_COMMENTS = YES;
				CLANG_WARN_EMPTY_BODY = YES;
				CLANG_WARN_ENUM_CONVERSION = YES;
				CLANG_WARN_INFINITE_RECURSION = YES;
				CLANG_WARN_INT_CONVERSION = YES;
				CLANG_WARN_NON_LITERAL_NULL_CONVERSION = YES;
				CLANG_WARN_OBJC_IMPLICIT_RETAIN_SELF = YES;
				CLANG_WARN_OBJC_LITERAL_CONVERSION = YES;
				CLANG_WARN_OBJC_ROOT_CLASS = YES_ERROR;
				CLANG_WARN_QUOTED_INCLUDE_IN_FRAMEWORK_HEADER = YES;
				CLANG_WARN_RANGE_LOOP_ANALYSIS = YES;
				CLANG_WARN_STRICT_PROTOTYPES = YES;
				CLANG_WARN_SUSPICIOUS_MOVE = YES;
				CLANG_WARN_UNGUARDED_AVAILABILITY = YES_AGGRESSIVE;
				CLANG_WARN_UNREACHABLE_CODE = YES;
				CLANG_WARN__DUPLICATE_METHOD_MATCH = YES;
				COPY_PHASE_STRIP = NO;
				DEBUG_INFORMATION_FORMAT = "dwarf-with-dsym";
				ENABLE_NS_ASSERTIONS = NO;
				ENABLE_STRICT_OBJC_MSGSEND = YES;
				GCC_C_LANGUAGE_STANDARD = gnu11;
				GCC_NO_COMMON_BLOCKS = YES;
				GCC_WARN_64_TO_32_BIT_CONVERSION = YES;
				GCC_WARN_ABOUT_RETURN_TYPE = YES_ERROR;
				GCC_WARN_UNDECLARED_SELECTOR = YES;
				GCC_WARN_UNINITIALIZED_AUTOS = YES_AGGRESSIVE;
				GCC_WARN_UNUSED_FUNCTION = YES;
				GCC_WARN_UNUSED_VARIABLE = YES;
				IPHONEOS_DEPLOYMENT_TARGET = 14.2;
				MTL_ENABLE_DEBUG_INFO = NO;
				MTL_FAST_MATH = YES;
				SDKROOT = iphoneos;
				SWIFT_COMPILATION_MODE = wholemodule;
				SWIFT_OPTIMIZATION_LEVEL = "-O";
				VALIDATE_PRODUCT = YES;
			};
			name = Release;
		};
/* End XCBuildConfiguration section */

/* Begin XCConfigurationList section */
		F82765BD2635DCE500867E89 /* Build configuration list for PBXNativeTarget "YouTVDemo" */ = {
			isa = XCConfigurationList;
			buildConfigurations = (
				F82765BE2635DCE500867E89 /* Debug */,
				F82765BF2635DCE500867E89 /* Release */,
			);
			defaultConfigurationIsVisible = 0;
			defaultConfigurationName = Release;
		};
		F82765C02635DCE500867E89 /* Build configuration list for PBXNativeTarget "YouTVDemoTests" */ = {
			isa = XCConfigurationList;
			buildConfigurations = (
				F82765C12635DCE500867E89 /* Debug */,
				F82765C22635DCE500867E89 /* Release */,
			);
			defaultConfigurationIsVisible = 0;
			defaultConfigurationName = Release;
		};
		F82765C32635DCE500867E89 /* Build configuration list for PBXNativeTarget "YouTVDemoUITests" */ = {
			isa = XCConfigurationList;
			buildConfigurations = (
				F82765C42635DCE500867E89 /* Debug */,
				F82765C52635DCE500867E89 /* Release */,
			);
			defaultConfigurationIsVisible = 0;
			defaultConfigurationName = Release;
		};
		F84C9EC92635CF4E00114010 /* Build configuration list for PBXProject "YouTV-App" */ = {
			isa = XCConfigurationList;
			buildConfigurations = (
				F84C9EF12635CF5200114010 /* Debug */,
				F84C9EF22635CF5200114010 /* Release */,
			);
			defaultConfigurationIsVisible = 0;
			defaultConfigurationName = Release;
		};
/* End XCConfigurationList section */
	};
	rootObject = F84C9EC62635CF4E00114010 /* Project object */;
}
