// !$*UTF8*$!
{
	archiveVersion = 1;
	classes = {
	};
	objectVersion = 50;
	objects = {

/* Begin PBXBuildFile section */
		F84C9ED22635CF4E00114010 /* YouTV_AppApp.swift in Sources */ = {isa = PBXBuildFile; fileRef = F84C9ED12635CF4E00114010 /* YouTV_AppApp.swift */; };
		F84C9ED42635CF4E00114010 /* ContentView.swift in Sources */ = {isa = PBXBuildFile; fileRef = F84C9ED32635CF4E00114010 /* ContentView.swift */; };
		F84C9ED62635CF5100114010 /* Assets.xcassets in Resources */ = {isa = PBXBuildFile; fileRef = F84C9ED52635CF5100114010 /* Assets.xcassets */; };
		F84C9ED92635CF5100114010 /* Preview Assets.xcassets in Resources */ = {isa = PBXBuildFile; fileRef = F84C9ED82635CF5100114010 /* Preview Assets.xcassets */; };
		F84C9EE42635CF5100114010 /* YouTV_AppTests.swift in Sources */ = {isa = PBXBuildFile; fileRef = F84C9EE32635CF5100114010 /* YouTV_AppTests.swift */; };
		F84C9EEF2635CF5200114010 /* YouTV_AppUITests.swift in Sources */ = {isa = PBXBuildFile; fileRef = F84C9EEE2635CF5200114010 /* YouTV_AppUITests.swift */; };
/* End PBXBuildFile section */

/* Begin PBXContainerItemProxy section */
		F84C9EE02635CF5100114010 /* PBXContainerItemProxy */ = {
			isa = PBXContainerItemProxy;
			containerPortal = F84C9EC62635CF4E00114010 /* Project object */;
			proxyType = 1;
			remoteGlobalIDString = F84C9ECD2635CF4E00114010;
			remoteInfo = "YouTV-App";
		};
		F84C9EEB2635CF5200114010 /* PBXContainerItemProxy */ = {
			isa = PBXContainerItemProxy;
			containerPortal = F84C9EC62635CF4E00114010 /* Project object */;
			proxyType = 1;
			remoteGlobalIDString = F84C9ECD2635CF4E00114010;
			remoteInfo = "YouTV-App";
		};
/* End PBXContainerItemProxy section */

/* Begin PBXFileReference section */
		F84C9ECE2635CF4E00114010 /* YouTV-App.app */ = {isa = PBXFileReference; explicitFileType = wrapper.application; includeInIndex = 0; path = "YouTV-App.app"; sourceTree = BUILT_PRODUCTS_DIR; };
		F84C9ED12635CF4E00114010 /* YouTV_AppApp.swift */ = {isa = PBXFileReference; lastKnownFileType = sourcecode.swift; path = YouTV_AppApp.swift; sourceTree = "<group>"; };
		F84C9ED32635CF4E00114010 /* ContentView.swift */ = {isa = PBXFileReference; lastKnownFileType = sourcecode.swift; path = ContentView.swift; sourceTree = "<group>"; };
		F84C9ED52635CF5100114010 /* Assets.xcassets */ = {isa = PBXFileReference; lastKnownFileType = folder.assetcatalog; path = Assets.xcassets; sourceTree = "<group>"; };
		F84C9ED82635CF5100114010 /* Preview Assets.xcassets */ = {isa = PBXFileReference; lastKnownFileType = folder.assetcatalog; path = "Preview Assets.xcassets"; sourceTree = "<group>"; };
		F84C9EDA2635CF5100114010 /* Info.plist */ = {isa = PBXFileReference; lastKnownFileType = text.plist.xml; path = Info.plist; sourceTree = "<group>"; };
		F84C9EDF2635CF5100114010 /* YouTV-AppTests.xctest */ = {isa = PBXFileReference; explicitFileType = wrapper.cfbundle; includeInIndex = 0; path = "YouTV-AppTests.xctest"; sourceTree = BUILT_PRODUCTS_DIR; };
		F84C9EE32635CF5100114010 /* YouTV_AppTests.swift */ = {isa = PBXFileReference; lastKnownFileType = sourcecode.swift; path = YouTV_AppTests.swift; sourceTree = "<group>"; };
		F84C9EE52635CF5100114010 /* Info.plist */ = {isa = PBXFileReference; lastKnownFileType = text.plist.xml; path = Info.plist; sourceTree = "<group>"; };
		F84C9EEA2635CF5200114010 /* YouTV-AppUITests.xctest */ = {isa = PBXFileReference; explicitFileType = wrapper.cfbundle; includeInIndex = 0; path = "YouTV-AppUITests.xctest"; sourceTree = BUILT_PRODUCTS_DIR; };
		F84C9EEE2635CF5200114010 /* YouTV_AppUITests.swift */ = {isa = PBXFileReference; lastKnownFileType = sourcecode.swift; path = YouTV_AppUITests.swift; sourceTree = "<group>"; };
		F84C9EF02635CF5200114010 /* Info.plist */ = {isa = PBXFileReference; lastKnownFileType = text.plist.xml; path = Info.plist; sourceTree = "<group>"; };
/* End PBXFileReference section */

/* Begin PBXFrameworksBuildPhase section */
		F84C9ECB2635CF4E00114010 /* Frameworks */ = {
			isa = PBXFrameworksBuildPhase;
			buildActionMask = 2147483647;
			files = (
			);
			runOnlyForDeploymentPostprocessing = 0;
		};
		F84C9EDC2635CF5100114010 /* Frameworks */ = {
			isa = PBXFrameworksBuildPhase;
			buildActionMask = 2147483647;
			files = (
			);
			runOnlyForDeploymentPostprocessing = 0;
		};
		F84C9EE72635CF5100114010 /* Frameworks */ = {
			isa = PBXFrameworksBuildPhase;
			buildActionMask = 2147483647;
			files = (
			);
			runOnlyForDeploymentPostprocessing = 0;
		};
/* End PBXFrameworksBuildPhase section */

/* Begin PBXGroup section */
		F84C9EC52635CF4E00114010 = {
			isa = PBXGroup;
			children = (
				F84C9ED02635CF4E00114010 /* YouTV-App */,
				F84C9EE22635CF5100114010 /* YouTV-AppTests */,
				F84C9EED2635CF5200114010 /* YouTV-AppUITests */,
				F84C9ECF2635CF4E00114010 /* Products */,
			);
			sourceTree = "<group>";
		};
		F84C9ECF2635CF4E00114010 /* Products */ = {
			isa = PBXGroup;
			children = (
				F84C9ECE2635CF4E00114010 /* YouTV-App.app */,
				F84C9EDF2635CF5100114010 /* YouTV-AppTests.xctest */,
				F84C9EEA2635CF5200114010 /* YouTV-AppUITests.xctest */,
			);
			name = Products;
			sourceTree = "<group>";
		};
		F84C9ED02635CF4E00114010 /* YouTV-App */ = {
			isa = PBXGroup;
			children = (
				F84C9ED12635CF4E00114010 /* YouTV_AppApp.swift */,
				F84C9ED32635CF4E00114010 /* ContentView.swift */,
				F84C9ED52635CF5100114010 /* Assets.xcassets */,
				F84C9EDA2635CF5100114010 /* Info.plist */,
				F84C9ED72635CF5100114010 /* Preview Content */,
			);
			path = "YouTV-App";
			sourceTree = "<group>";
		};
		F84C9ED72635CF5100114010 /* Preview Content */ = {
			isa = PBXGroup;
			children = (
				F84C9ED82635CF5100114010 /* Preview Assets.xcassets */,
			);
			path = "Preview Content";
			sourceTree = "<group>";
		};
		F84C9EE22635CF5100114010 /* YouTV-AppTests */ = {
			isa = PBXGroup;
			children = (
				F84C9EE32635CF5100114010 /* YouTV_AppTests.swift */,
				F84C9EE52635CF5100114010 /* Info.plist */,
			);
			path = "YouTV-AppTests";
			sourceTree = "<group>";
		};
		F84C9EED2635CF5200114010 /* YouTV-AppUITests */ = {
			isa = PBXGroup;
			children = (
				F84C9EEE2635CF5200114010 /* YouTV_AppUITests.swift */,
				F84C9EF02635CF5200114010 /* Info.plist */,
			);
			path = "YouTV-AppUITests";
			sourceTree = "<group>";
		};
/* End PBXGroup section */

/* Begin PBXNativeTarget section */
		F84C9ECD2635CF4E00114010 /* YouTV-App */ = {
			isa = PBXNativeTarget;
			buildConfigurationList = F84C9EF32635CF5200114010 /* Build configuration list for PBXNativeTarget "YouTV-App" */;
			buildPhases = (
				F84C9ECA2635CF4E00114010 /* Sources */,
				F84C9ECB2635CF4E00114010 /* Frameworks */,
				F84C9ECC2635CF4E00114010 /* Resources */,
			);
			buildRules = (
			);
			dependencies = (
			);
			name = "YouTV-App";
			productName = "YouTV-App";
			productReference = F84C9ECE2635CF4E00114010 /* YouTV-App.app */;
			productType = "com.apple.product-type.application";
		};
		F84C9EDE2635CF5100114010 /* YouTV-AppTests */ = {
			isa = PBXNativeTarget;
			buildConfigurationList = F84C9EF62635CF5200114010 /* Build configuration list for PBXNativeTarget "YouTV-AppTests" */;
			buildPhases = (
				F84C9EDB2635CF5100114010 /* Sources */,
				F84C9EDC2635CF5100114010 /* Frameworks */,
				F84C9EDD2635CF5100114010 /* Resources */,
			);
			buildRules = (
			);
			dependencies = (
				F84C9EE12635CF5100114010 /* PBXTargetDependency */,
			);
			name = "YouTV-AppTests";
			productName = "YouTV-AppTests";
			productReference = F84C9EDF2635CF5100114010 /* YouTV-AppTests.xctest */;
			productType = "com.apple.product-type.bundle.unit-test";
		};
		F84C9EE92635CF5100114010 /* YouTV-AppUITests */ = {
			isa = PBXNativeTarget;
			buildConfigurationList = F84C9EF92635CF5200114010 /* Build configuration list for PBXNativeTarget "YouTV-AppUITests" */;
			buildPhases = (
				F84C9EE62635CF5100114010 /* Sources */,
				F84C9EE72635CF5100114010 /* Frameworks */,
				F84C9EE82635CF5100114010 /* Resources */,
			);
			buildRules = (
			);
			dependencies = (
				F84C9EEC2635CF5200114010 /* PBXTargetDependency */,
			);
			name = "YouTV-AppUITests";
			productName = "YouTV-AppUITests";
			productReference = F84C9EEA2635CF5200114010 /* YouTV-AppUITests.xctest */;
			productType = "com.apple.product-type.bundle.ui-testing";
		};
/* End PBXNativeTarget section */

/* Begin PBXProject section */
		F84C9EC62635CF4E00114010 /* Project object */ = {
			isa = PBXProject;
			attributes = {
				LastSwiftUpdateCheck = 1220;
				LastUpgradeCheck = 1220;
				TargetAttributes = {
					F84C9ECD2635CF4E00114010 = {
						CreatedOnToolsVersion = 12.2;
					};
					F84C9EDE2635CF5100114010 = {
						CreatedOnToolsVersion = 12.2;
						TestTargetID = F84C9ECD2635CF4E00114010;
					};
					F84C9EE92635CF5100114010 = {
						CreatedOnToolsVersion = 12.2;
						TestTargetID = F84C9ECD2635CF4E00114010;
					};
				};
			};
			buildConfigurationList = F84C9EC92635CF4E00114010 /* Build configuration list for PBXProject "YouTV-App" */;
			compatibilityVersion = "Xcode 9.3";
			developmentRegion = en;
			hasScannedForEncodings = 0;
			knownRegions = (
				en,
				Base,
			);
			mainGroup = F84C9EC52635CF4E00114010;
			productRefGroup = F84C9ECF2635CF4E00114010 /* Products */;
			projectDirPath = "";
			projectRoot = "";
			targets = (
				F84C9ECD2635CF4E00114010 /* YouTV-App */,
				F84C9EDE2635CF5100114010 /* YouTV-AppTests */,
				F84C9EE92635CF5100114010 /* YouTV-AppUITests */,
			);
		};
/* End PBXProject section */

/* Begin PBXResourcesBuildPhase section */
		F84C9ECC2635CF4E00114010 /* Resources */ = {
			isa = PBXResourcesBuildPhase;
			buildActionMask = 2147483647;
			files = (
				F84C9ED92635CF5100114010 /* Preview Assets.xcassets in Resources */,
				F84C9ED62635CF5100114010 /* Assets.xcassets in Resources */,
			);
			runOnlyForDeploymentPostprocessing = 0;
		};
		F84C9EDD2635CF5100114010 /* Resources */ = {
			isa = PBXResourcesBuildPhase;
			buildActionMask = 2147483647;
			files = (
			);
			runOnlyForDeploymentPostprocessing = 0;
		};
		F84C9EE82635CF5100114010 /* Resources */ = {
			isa = PBXResourcesBuildPhase;
			buildActionMask = 2147483647;
			files = (
			);
			runOnlyForDeploymentPostprocessing = 0;
		};
/* End PBXResourcesBuildPhase section */

/* Begin PBXSourcesBuildPhase section */
		F84C9ECA2635CF4E00114010 /* Sources */ = {
			isa = PBXSourcesBuildPhase;
			buildActionMask = 2147483647;
			files = (
				F84C9ED42635CF4E00114010 /* ContentView.swift in Sources */,
				F84C9ED22635CF4E00114010 /* YouTV_AppApp.swift in Sources */,
			);
			runOnlyForDeploymentPostprocessing = 0;
		};
		F84C9EDB2635CF5100114010 /* Sources */ = {
			isa = PBXSourcesBuildPhase;
			buildActionMask = 2147483647;
			files = (
				F84C9EE42635CF5100114010 /* YouTV_AppTests.swift in Sources */,
			);
			runOnlyForDeploymentPostprocessing = 0;
		};
		F84C9EE62635CF5100114010 /* Sources */ = {
			isa = PBXSourcesBuildPhase;
			buildActionMask = 2147483647;
			files = (
				F84C9EEF2635CF5200114010 /* YouTV_AppUITests.swift in Sources */,
			);
			runOnlyForDeploymentPostprocessing = 0;
		};
/* End PBXSourcesBuildPhase section */

/* Begin PBXTargetDependency section */
		F84C9EE12635CF5100114010 /* PBXTargetDependency */ = {
			isa = PBXTargetDependency;
			target = F84C9ECD2635CF4E00114010 /* YouTV-App */;
			targetProxy = F84C9EE02635CF5100114010 /* PBXContainerItemProxy */;
		};
		F84C9EEC2635CF5200114010 /* PBXTargetDependency */ = {
			isa = PBXTargetDependency;
			target = F84C9ECD2635CF4E00114010 /* YouTV-App */;
			targetProxy = F84C9EEB2635CF5200114010 /* PBXContainerItemProxy */;
		};
/* End PBXTargetDependency section */

/* Begin XCBuildConfiguration section */
		F84C9EF12635CF5200114010 /* Debug */ = {
			isa = XCBuildConfiguration;
			buildSettings = {
				ALWAYS_SEARCH_USER_PATHS = NO;
				CLANG_ANALYZER_NONNULL = YES;
				CLANG_ANALYZER_NUMBER_OBJECT_CONVERSION = YES_AGGRESSIVE;
				CLANG_CXX_LANGUAGE_STANDARD = "gnu++14";
				CLANG_CXX_LIBRARY = "libc++";
				CLANG_ENABLE_MODULES = YES;
				CLANG_ENABLE_OBJC_ARC = YES;
				CLANG_ENABLE_OBJC_WEAK = YES;
				CLANG_WARN_BLOCK_CAPTURE_AUTORELEASING = YES;
				CLANG_WARN_BOOL_CONVERSION = YES;
				CLANG_WARN_COMMA = YES;
				CLANG_WARN_CONSTANT_CONVERSION = YES;
				CLANG_WARN_DEPRECATED_OBJC_IMPLEMENTATIONS = YES;
				CLANG_WARN_DIRECT_OBJC_ISA_USAGE = YES_ERROR;
				CLANG_WARN_DOCUMENTATION_COMMENTS = YES;
				CLANG_WARN_EMPTY_BODY = YES;
				CLANG_WARN_ENUM_CONVERSION = YES;
				CLANG_WARN_INFINITE_RECURSION = YES;
				CLANG_WARN_INT_CONVERSION = YES;
				CLANG_WARN_NON_LITERAL_NULL_CONVERSION = YES;
				CLANG_WARN_OBJC_IMPLICIT_RETAIN_SELF = YES;
				CLANG_WARN_OBJC_LITERAL_CONVERSION = YES;
				CLANG_WARN_OBJC_ROOT_CLASS = YES_ERROR;
				CLANG_WARN_QUOTED_INCLUDE_IN_FRAMEWORK_HEADER = YES;
				CLANG_WARN_RANGE_LOOP_ANALYSIS = YES;
				CLANG_WARN_STRICT_PROTOTYPES = YES;
				CLANG_WARN_SUSPICIOUS_MOVE = YES;
				CLANG_WARN_UNGUARDED_AVAILABILITY = YES_AGGRESSIVE;
				CLANG_WARN_UNREACHABLE_CODE = YES;
				CLANG_WARN__DUPLICATE_METHOD_MATCH = YES;
				COPY_PHASE_STRIP = NO;
				DEBUG_INFORMATION_FORMAT = dwarf;
				ENABLE_STRICT_OBJC_MSGSEND = YES;
				ENABLE_TESTABILITY = YES;
				GCC_C_LANGUAGE_STANDARD = gnu11;
				GCC_DYNAMIC_NO_PIC = NO;
				GCC_NO_COMMON_BLOCKS = YES;
				GCC_OPTIMIZATION_LEVEL = 0;
				GCC_PREPROCESSOR_DEFINITIONS = (
					"DEBUG=1",
					"$(inherited)",
				);
				GCC_WARN_64_TO_32_BIT_CONVERSION = YES;
				GCC_WARN_ABOUT_RETURN_TYPE = YES_ERROR;
				GCC_WARN_UNDECLARED_SELECTOR = YES;
				GCC_WARN_UNINITIALIZED_AUTOS = YES_AGGRESSIVE;
				GCC_WARN_UNUSED_FUNCTION = YES;
				GCC_WARN_UNUSED_VARIABLE = YES;
				IPHONEOS_DEPLOYMENT_TARGET = 14.2;
				MTL_ENABLE_DEBUG_INFO = INCLUDE_SOURCE;
				MTL_FAST_MATH = YES;
				ONLY_ACTIVE_ARCH = YES;
				SDKROOT = iphoneos;
				SWIFT_ACTIVE_COMPILATION_CONDITIONS = DEBUG;
				SWIFT_OPTIMIZATION_LEVEL = "-Onone";
			};
			name = Debug;
		};
		F84C9EF22635CF5200114010 /* Release */ = {
			isa = XCBuildConfiguration;
			buildSettings = {
				ALWAYS_SEARCH_USER_PATHS = NO;
				CLANG_ANALYZER_NONNULL = YES;
				CLANG_ANALYZER_NUMBER_OBJECT_CONVERSION = YES_AGGRESSIVE;
				CLANG_CXX_LANGUAGE_STANDARD = "gnu++14";
				CLANG_CXX_LIBRARY = "libc++";
				CLANG_ENABLE_MODULES = YES;
				CLANG_ENABLE_OBJC_ARC = YES;
				CLANG_ENABLE_OBJC_WEAK = YES;
				CLANG_WARN_BLOCK_CAPTURE_AUTORELEASING = YES;
				CLANG_WARN_BOOL_CONVERSION = YES;
				CLANG_WARN_COMMA = YES;
				CLANG_WARN_CONSTANT_CONVERSION = YES;
				CLANG_WARN_DEPRECATED_OBJC_IMPLEMENTATIONS = YES;
				CLANG_WARN_DIRECT_OBJC_ISA_USAGE = YES_ERROR;
				CLANG_WARN_DOCUMENTATION_COMMENTS = YES;
				CLANG_WARN_EMPTY_BODY = YES;
				CLANG_WARN_ENUM_CONVERSION = YES;
				CLANG_WARN_INFINITE_RECURSION = YES;
				CLANG_WARN_INT_CONVERSION = YES;
				CLANG_WARN_NON_LITERAL_NULL_CONVERSION = YES;
				CLANG_WARN_OBJC_IMPLICIT_RETAIN_SELF = YES;
				CLANG_WARN_OBJC_LITERAL_CONVERSION = YES;
				CLANG_WARN_OBJC_ROOT_CLASS = YES_ERROR;
				CLANG_WARN_QUOTED_INCLUDE_IN_FRAMEWORK_HEADER = YES;
				CLANG_WARN_RANGE_LOOP_ANALYSIS = YES;
				CLANG_WARN_STRICT_PROTOTYPES = YES;
				CLANG_WARN_SUSPICIOUS_MOVE = YES;
				CLANG_WARN_UNGUARDED_AVAILABILITY = YES_AGGRESSIVE;
				CLANG_WARN_UNREACHABLE_CODE = YES;
				CLANG_WARN__DUPLICATE_METHOD_MATCH = YES;
				COPY_PHASE_STRIP = NO;
				DEBUG_INFORMATION_FORMAT = "dwarf-with-dsym";
				ENABLE_NS_ASSERTIONS = NO;
				ENABLE_STRICT_OBJC_MSGSEND = YES;
				GCC_C_LANGUAGE_STANDARD = gnu11;
				GCC_NO_COMMON_BLOCKS = YES;
				GCC_WARN_64_TO_32_BIT_CONVERSION = YES;
				GCC_WARN_ABOUT_RETURN_TYPE = YES_ERROR;
				GCC_WARN_UNDECLARED_SELECTOR = YES;
				GCC_WARN_UNINITIALIZED_AUTOS = YES_AGGRESSIVE;
				GCC_WARN_UNUSED_FUNCTION = YES;
				GCC_WARN_UNUSED_VARIABLE = YES;
				IPHONEOS_DEPLOYMENT_TARGET = 14.2;
				MTL_ENABLE_DEBUG_INFO = NO;
				MTL_FAST_MATH = YES;
				SDKROOT = iphoneos;
				SWIFT_COMPILATION_MODE = wholemodule;
				SWIFT_OPTIMIZATION_LEVEL = "-O";
				VALIDATE_PRODUCT = YES;
			};
			name = Release;
		};
		F84C9EF42635CF5200114010 /* Debug */ = {
			isa = XCBuildConfiguration;
			buildSettings = {
				ASSETCATALOG_COMPILER_APPICON_NAME = AppIcon;
				ASSETCATALOG_COMPILER_GLOBAL_ACCENT_COLOR_NAME = AccentColor;
				CODE_SIGN_STYLE = Automatic;
				DEVELOPMENT_ASSET_PATHS = "\"YouTV-App/Preview Content\"";
				DEVELOPMENT_TEAM = 638B4QA28J;
				ENABLE_PREVIEWS = YES;
				INFOPLIST_FILE = "YouTV-App/Info.plist";
				IPHONEOS_DEPLOYMENT_TARGET = 14.0;
				LD_RUNPATH_SEARCH_PATHS = (
					"$(inherited)",
					"@executable_path/Frameworks",
				);
				PRODUCT_BUNDLE_IDENTIFIER = "com.socialteq.qsouq..YouTV-App";
				PRODUCT_NAME = "$(TARGET_NAME)";
				SWIFT_VERSION = 5.0;
				TARGETED_DEVICE_FAMILY = "1,2";
			};
			name = Debug;
		};
		F84C9EF52635CF5200114010 /* Release */ = {
			isa = XCBuildConfiguration;
			buildSettings = {
				ASSETCATALOG_COMPILER_APPICON_NAME = AppIcon;
				ASSETCATALOG_COMPILER_GLOBAL_ACCENT_COLOR_NAME = AccentColor;
				CODE_SIGN_STYLE = Automatic;
				DEVELOPMENT_ASSET_PATHS = "\"YouTV-App/Preview Content\"";
				DEVELOPMENT_TEAM = 638B4QA28J;
				ENABLE_PREVIEWS = YES;
				INFOPLIST_FILE = "YouTV-App/Info.plist";
				IPHONEOS_DEPLOYMENT_TARGET = 14.0;
				LD_RUNPATH_SEARCH_PATHS = (
					"$(inherited)",
					"@executable_path/Frameworks",
				);
				PRODUCT_BUNDLE_IDENTIFIER = "com.socialteq.qsouq..YouTV-App";
				PRODUCT_NAME = "$(TARGET_NAME)";
				SWIFT_VERSION = 5.0;
				TARGETED_DEVICE_FAMILY = "1,2";
			};
			name = Release;
		};
		F84C9EF72635CF5200114010 /* Debug */ = {
			isa = XCBuildConfiguration;
			buildSettings = {
				ALWAYS_EMBED_SWIFT_STANDARD_LIBRARIES = YES;
				BUNDLE_LOADER = "$(TEST_HOST)";
				CODE_SIGN_STYLE = Automatic;
				DEVELOPMENT_TEAM = 638B4QA28J;
				INFOPLIST_FILE = "YouTV-AppTests/Info.plist";
				IPHONEOS_DEPLOYMENT_TARGET = 14.0;
				LD_RUNPATH_SEARCH_PATHS = (
					"$(inherited)",
					"@executable_path/Frameworks",
					"@loader_path/Frameworks",
				);
				PRODUCT_BUNDLE_IDENTIFIER = "com.socialteq.qsouq..YouTV-AppTests";
				PRODUCT_NAME = "$(TARGET_NAME)";
				SWIFT_VERSION = 5.0;
				TARGETED_DEVICE_FAMILY = "1,2";
				TEST_HOST = "$(BUILT_PRODUCTS_DIR)/YouTV-App.app/YouTV-App";
			};
			name = Debug;
		};
		F84C9EF82635CF5200114010 /* Release */ = {
			isa = XCBuildConfiguration;
			buildSettings = {
				ALWAYS_EMBED_SWIFT_STANDARD_LIBRARIES = YES;
				BUNDLE_LOADER = "$(TEST_HOST)";
				CODE_SIGN_STYLE = Automatic;
				DEVELOPMENT_TEAM = 638B4QA28J;
				INFOPLIST_FILE = "YouTV-AppTests/Info.plist";
				IPHONEOS_DEPLOYMENT_TARGET = 14.0;
				LD_RUNPATH_SEARCH_PATHS = (
					"$(inherited)",
					"@executable_path/Frameworks",
					"@loader_path/Frameworks",
				);
				PRODUCT_BUNDLE_IDENTIFIER = "com.socialteq.qsouq..YouTV-AppTests";
				PRODUCT_NAME = "$(TARGET_NAME)";
				SWIFT_VERSION = 5.0;
				TARGETED_DEVICE_FAMILY = "1,2";
				TEST_HOST = "$(BUILT_PRODUCTS_DIR)/YouTV-App.app/YouTV-App";
			};
			name = Release;
		};
		F84C9EFA2635CF5200114010 /* Debug */ = {
			isa = XCBuildConfiguration;
			buildSettings = {
				ALWAYS_EMBED_SWIFT_STANDARD_LIBRARIES = YES;
				CODE_SIGN_STYLE = Automatic;
				DEVELOPMENT_TEAM = 638B4QA28J;
				INFOPLIST_FILE = "YouTV-AppUITests/Info.plist";
				LD_RUNPATH_SEARCH_PATHS = (
					"$(inherited)",
					"@executable_path/Frameworks",
					"@loader_path/Frameworks",
				);
				PRODUCT_BUNDLE_IDENTIFIER = "com.socialteq.qsouq..YouTV-AppUITests";
				PRODUCT_NAME = "$(TARGET_NAME)";
				SWIFT_VERSION = 5.0;
				TARGETED_DEVICE_FAMILY = "1,2";
				TEST_TARGET_NAME = "YouTV-App";
			};
			name = Debug;
		};
		F84C9EFB2635CF5200114010 /* Release */ = {
			isa = XCBuildConfiguration;
			buildSettings = {
				ALWAYS_EMBED_SWIFT_STANDARD_LIBRARIES = YES;
				CODE_SIGN_STYLE = Automatic;
				DEVELOPMENT_TEAM = 638B4QA28J;
				INFOPLIST_FILE = "YouTV-AppUITests/Info.plist";
				LD_RUNPATH_SEARCH_PATHS = (
					"$(inherited)",
					"@executable_path/Frameworks",
					"@loader_path/Frameworks",
				);
				PRODUCT_BUNDLE_IDENTIFIER = "com.socialteq.qsouq..YouTV-AppUITests";
				PRODUCT_NAME = "$(TARGET_NAME)";
				SWIFT_VERSION = 5.0;
				TARGETED_DEVICE_FAMILY = "1,2";
				TEST_TARGET_NAME = "YouTV-App";
			};
			name = Release;
		};
/* End XCBuildConfiguration section */

/* Begin XCConfigurationList section */
		F84C9EC92635CF4E00114010 /* Build configuration list for PBXProject "YouTV-App" */ = {
			isa = XCConfigurationList;
			buildConfigurations = (
				F84C9EF12635CF5200114010 /* Debug */,
				F84C9EF22635CF5200114010 /* Release */,
			);
			defaultConfigurationIsVisible = 0;
			defaultConfigurationName = Release;
		};
		F84C9EF32635CF5200114010 /* Build configuration list for PBXNativeTarget "YouTV-App" */ = {
			isa = XCConfigurationList;
			buildConfigurations = (
				F84C9EF42635CF5200114010 /* Debug */,
				F84C9EF52635CF5200114010 /* Release */,
			);
			defaultConfigurationIsVisible = 0;
			defaultConfigurationName = Release;
		};
		F84C9EF62635CF5200114010 /* Build configuration list for PBXNativeTarget "YouTV-AppTests" */ = {
			isa = XCConfigurationList;
			buildConfigurations = (
				F84C9EF72635CF5200114010 /* Debug */,
				F84C9EF82635CF5200114010 /* Release */,
			);
			defaultConfigurationIsVisible = 0;
			defaultConfigurationName = Release;
		};
		F84C9EF92635CF5200114010 /* Build configuration list for PBXNativeTarget "YouTV-AppUITests" */ = {
			isa = XCConfigurationList;
			buildConfigurations = (
				F84C9EFA2635CF5200114010 /* Debug */,
				F84C9EFB2635CF5200114010 /* Release */,
			);
			defaultConfigurationIsVisible = 0;
			defaultConfigurationName = Release;
		};
/* End XCConfigurationList section */
	};
	rootObject = F84C9EC62635CF4E00114010 /* Project object */;
}
