// !$*UTF8*$!
{
	archiveVersion = 1;
	classes = {
	};
	objectVersion = 51;
	objects = {

/* Begin PBXBuildFile section */
		0EF4A467E7E239758E1E6713 /* Pods_YouTVDemoTests.framework in Frameworks */ = {isa = PBXBuildFile; fileRef = D3EA5FAC7C12C8AADDF221C6 /* Pods_YouTVDemoTests.framework */; };
		67CBED5B4E509E558A5D7B57 /* Pods_YouTVDemo.framework in Frameworks */ = {isa = PBXBuildFile; fileRef = 68640120F1626DAEBABAE3CD /* Pods_YouTVDemo.framework */; };
		F8106D872636D7C400653AF8 /* Main.storyboard in Resources */ = {isa = PBXBuildFile; fileRef = F8106D852636D7C400653AF8 /* Main.storyboard */; };
		F8106DB72636D9E700653AF8 /* Localizable.strings in Resources */ = {isa = PBXBuildFile; fileRef = F8106DB32636D9E700653AF8 /* Localizable.strings */; };
		F8106DB82636D9E700653AF8 /* InfoPlist.strings in Resources */ = {isa = PBXBuildFile; fileRef = F8106DB52636D9E700653AF8 /* InfoPlist.strings */; };
		F8106DCD2636E1CE00653AF8 /* Logger.swift in Sources */ = {isa = PBXBuildFile; fileRef = F8106DCC2636E1CE00653AF8 /* Logger.swift */; };
		F8106DD22636FFE200653AF8 /* ImageAsset.swift in Sources */ = {isa = PBXBuildFile; fileRef = F8106DD12636FFE200653AF8 /* ImageAsset.swift */; };
		F8106DD82637026300653AF8 /* UIImage+Additionals.swift in Sources */ = {isa = PBXBuildFile; fileRef = F8106DD72637026300653AF8 /* UIImage+Additionals.swift */; };
		F8106DE12637062E00653AF8 /* String+Localization.swift in Sources */ = {isa = PBXBuildFile; fileRef = F8106DE02637062E00653AF8 /* String+Localization.swift */; };
		F8106DE62637068600653AF8 /* String+EmptyChecker.swift in Sources */ = {isa = PBXBuildFile; fileRef = F8106DE52637068600653AF8 /* String+EmptyChecker.swift */; };
		F8106E1426370CA900653AF8 /* Result+Extension.swift in Sources */ = {isa = PBXBuildFile; fileRef = F8106E1326370CA900653AF8 /* Result+Extension.swift */; };
		F8106E1926370D1000653AF8 /* UIColor+Extensions.swift in Sources */ = {isa = PBXBuildFile; fileRef = F8106E1826370D1000653AF8 /* UIColor+Extensions.swift */; };
		F8106E1E26370E4D00653AF8 /* UITableView+Helper.swift in Sources */ = {isa = PBXBuildFile; fileRef = F8106E1D26370E4D00653AF8 /* UITableView+Helper.swift */; };
		F8106E2326370E6800653AF8 /* UICollectionView+Helper.swift in Sources */ = {isa = PBXBuildFile; fileRef = F8106E2226370E6800653AF8 /* UICollectionView+Helper.swift */; };
		F8106E2826370EB300653AF8 /* UIView+Nibs.swift in Sources */ = {isa = PBXBuildFile; fileRef = F8106E2726370EB300653AF8 /* UIView+Nibs.swift */; };
		F8106E5526371CE200653AF8 /* UILabel+Localization.swift in Sources */ = {isa = PBXBuildFile; fileRef = F8106E5426371CE200653AF8 /* UILabel+Localization.swift */; };
		F8106E5A26371DAA00653AF8 /* UINavigationBarItem+Localization.swift in Sources */ = {isa = PBXBuildFile; fileRef = F8106E5926371DAA00653AF8 /* UINavigationBarItem+Localization.swift */; };
		F8106E6026371DE800653AF8 /* UIButton+Localization.swift in Sources */ = {isa = PBXBuildFile; fileRef = F8106E5F26371DE800653AF8 /* UIButton+Localization.swift */; };
		F8106E6526371DF900653AF8 /* UITextField+Localization.swift in Sources */ = {isa = PBXBuildFile; fileRef = F8106E6426371DF900653AF8 /* UITextField+Localization.swift */; };
		F8106E6A26371F0500653AF8 /* UIView+Animation.swift in Sources */ = {isa = PBXBuildFile; fileRef = F8106E6926371F0500653AF8 /* UIView+Animation.swift */; };
		F8106E6F263723E100653AF8 /* Bundle+Extension.swift in Sources */ = {isa = PBXBuildFile; fileRef = F8106E6E263723E100653AF8 /* Bundle+Extension.swift */; };
		F8106E742637247100653AF8 /* Collection+Additionals.swift in Sources */ = {isa = PBXBuildFile; fileRef = F8106E732637247100653AF8 /* Collection+Additionals.swift */; };
		F8106E792637263700653AF8 /* DispatchQueue+Additional.swift in Sources */ = {isa = PBXBuildFile; fileRef = F8106E782637263700653AF8 /* DispatchQueue+Additional.swift */; };
		F8106E7E26372C9900653AF8 /* Storyboard+Casting.swift in Sources */ = {isa = PBXBuildFile; fileRef = F8106E7D26372C9900653AF8 /* Storyboard+Casting.swift */; };
		F8106E842637322600653AF8 /* NibWrapper.swift in Sources */ = {isa = PBXBuildFile; fileRef = F8106E832637322600653AF8 /* NibWrapper.swift */; };
		F8108CF1263F011100AFD73A /* AnyPublisher+Helper.swift in Sources */ = {isa = PBXBuildFile; fileRef = F8108CF0263F011100AFD73A /* AnyPublisher+Helper.swift */; };
		F8108D0C263F129F00AFD73A /* Pagination.swift in Sources */ = {isa = PBXBuildFile; fileRef = F8108D0B263F129F00AFD73A /* Pagination.swift */; };
		F8108D11263F130500AFD73A /* Dates.swift in Sources */ = {isa = PBXBuildFile; fileRef = F8108D10263F130500AFD73A /* Dates.swift */; };
		F8108D16263F17AC00AFD73A /* MovieSummery.swift in Sources */ = {isa = PBXBuildFile; fileRef = F8108D15263F17AC00AFD73A /* MovieSummery.swift */; };
		F8108D1B263F190400AFD73A /* MovieDetail.swift in Sources */ = {isa = PBXBuildFile; fileRef = F8108D1A263F190400AFD73A /* MovieDetail.swift */; };
		F8108D26263F195600AFD73A /* SpokenLanguage.swift in Sources */ = {isa = PBXBuildFile; fileRef = F8108D25263F195600AFD73A /* SpokenLanguage.swift */; };
		F8108D2C263F1B9400AFD73A /* Genre.swift in Sources */ = {isa = PBXBuildFile; fileRef = F8108D2B263F1B9300AFD73A /* Genre.swift */; };
		F8108D34263F1BE300AFD73A /* ProductionCompany.swift in Sources */ = {isa = PBXBuildFile; fileRef = F8108D33263F1BE300AFD73A /* ProductionCompany.swift */; };
		F8108D39263F1C1800AFD73A /* ProductionCountry.swift in Sources */ = {isa = PBXBuildFile; fileRef = F8108D38263F1C1800AFD73A /* ProductionCountry.swift */; };
		F8108D3E263F1C6200AFD73A /* Video.swift in Sources */ = {isa = PBXBuildFile; fileRef = F8108D3D263F1C6200AFD73A /* Video.swift */; };
		F8108D43263F1D8A00AFD73A /* Image.swift in Sources */ = {isa = PBXBuildFile; fileRef = F8108D42263F1D8A00AFD73A /* Image.swift */; };
		F8108D49263F21CB00AFD73A /* TVSerialSummery.swift in Sources */ = {isa = PBXBuildFile; fileRef = F8108D48263F21CB00AFD73A /* TVSerialSummery.swift */; };
		F8108D51263F220300AFD73A /* TVSerialDetail.swift in Sources */ = {isa = PBXBuildFile; fileRef = F8108D50263F220300AFD73A /* TVSerialDetail.swift */; };
		F8108D57263F2C1F00AFD73A /* APIConfigs.swift in Sources */ = {isa = PBXBuildFile; fileRef = F8108D56263F2C1F00AFD73A /* APIConfigs.swift */; };
		F8108D63263F337100AFD73A /* MoviesRemoteRepository.swift in Sources */ = {isa = PBXBuildFile; fileRef = F8108D62263F337100AFD73A /* MoviesRemoteRepository.swift */; };
		F8108D6F263F339E00AFD73A /* TVRemoteRepository.swift in Sources */ = {isa = PBXBuildFile; fileRef = F8108D6E263F339E00AFD73A /* TVRemoteRepository.swift */; };
		F8108D77263F33AE00AFD73A /* DiscoverRemoteRepository.swift in Sources */ = {isa = PBXBuildFile; fileRef = F8108D76263F33AE00AFD73A /* DiscoverRemoteRepository.swift */; };
		F8108D7C263F33BD00AFD73A /* SearchRemoteRepository.swift in Sources */ = {isa = PBXBuildFile; fileRef = F8108D7B263F33BD00AFD73A /* SearchRemoteRepository.swift */; };
		F8532F1E26460B27000FB4A8 /* HomeSectionLayout.swift in Sources */ = {isa = PBXBuildFile; fileRef = F8532F1D26460B27000FB4A8 /* HomeSectionLayout.swift */; };
		F86E98842642DC7D00F89FF8 /* FightClubMovie.json in Resources */ = {isa = PBXBuildFile; fileRef = F86E98832642DC7D00F89FF8 /* FightClubMovie.json */; };
		F86E988C2642E00D00F89FF8 /* MoviesRepositoryIntegrationTests.swift in Sources */ = {isa = PBXBuildFile; fileRef = F86E988B2642E00D00F89FF8 /* MoviesRepositoryIntegrationTests.swift */; };
		F86E98942642ED8700F89FF8 /* MoviesUseCases.swift in Sources */ = {isa = PBXBuildFile; fileRef = F86E98932642ED8700F89FF8 /* MoviesUseCases.swift */; };
		F86E989A2642EF0D00F89FF8 /* MoviesUseCasesImp.swift in Sources */ = {isa = PBXBuildFile; fileRef = F86E98992642EF0D00F89FF8 /* MoviesUseCasesImp.swift */; };
		F86E98A52642F6A500F89FF8 /* TVRepository.swift in Sources */ = {isa = PBXBuildFile; fileRef = F86E98A42642F6A500F89FF8 /* TVRepository.swift */; };
		F86E98AA2642FB6500F89FF8 /* TVUseCases.swift in Sources */ = {isa = PBXBuildFile; fileRef = F86E98A92642FB6500F89FF8 /* TVUseCases.swift */; };
		F86E98AF2642FC1100F89FF8 /* TVUseCasesImp.swift in Sources */ = {isa = PBXBuildFile; fileRef = F86E98AE2642FC1100F89FF8 /* TVUseCasesImp.swift */; };
		F86E98C126430B8E00F89FF8 /* Storyboarded.swift in Sources */ = {isa = PBXBuildFile; fileRef = F86E98C026430B8E00F89FF8 /* Storyboarded.swift */; };
		F86E993E2643235D00F89FF8 /* AppCoordinator.swift in Sources */ = {isa = PBXBuildFile; fileRef = F86E993D2643235D00F89FF8 /* AppCoordinator.swift */; };
		F86E99432643243A00F89FF8 /* MainCoordinator.swift in Sources */ = {isa = PBXBuildFile; fileRef = F86E99422643243A00F89FF8 /* MainCoordinator.swift */; };
		F86E99502643254800F89FF8 /* HomeCoordinator.swift in Sources */ = {isa = PBXBuildFile; fileRef = F86E994F2643254800F89FF8 /* HomeCoordinator.swift */; };
		F86E995A264341B600F89FF8 /* HomeViewController.swift in Sources */ = {isa = PBXBuildFile; fileRef = F86E9959264341B600F89FF8 /* HomeViewController.swift */; };
		F86E9962264344D500F89FF8 /* Bindable.swift in Sources */ = {isa = PBXBuildFile; fileRef = F86E9961264344D500F89FF8 /* Bindable.swift */; };
		F86E996D2643468700F89FF8 /* HomeViewModel.swift in Sources */ = {isa = PBXBuildFile; fileRef = F86E996C2643468700F89FF8 /* HomeViewModel.swift */; };
		F86E99752643469C00F89FF8 /* HomeMoviesViewModel.swift in Sources */ = {isa = PBXBuildFile; fileRef = F86E99742643469C00F89FF8 /* HomeMoviesViewModel.swift */; };
		F86E997A264346B400F89FF8 /* HomeShowsViewModel.swift in Sources */ = {isa = PBXBuildFile; fileRef = F86E9979264346B400F89FF8 /* HomeShowsViewModel.swift */; };
		F86E997F264346C400F89FF8 /* HomeSectionBaseViewModel.swift in Sources */ = {isa = PBXBuildFile; fileRef = F86E997E264346C400F89FF8 /* HomeSectionBaseViewModel.swift */; };
		F86E9984264346E400F89FF8 /* HomeMovieViewModel.swift in Sources */ = {isa = PBXBuildFile; fileRef = F86E9983264346E300F89FF8 /* HomeMovieViewModel.swift */; };
		F86E998D264347F600F89FF8 /* HomeShowViewModel.swift in Sources */ = {isa = PBXBuildFile; fileRef = F86E998C264347F600F89FF8 /* HomeShowViewModel.swift */; };
		F876E9252641D87F00DCC255 /* MoviesRepository.swift in Sources */ = {isa = PBXBuildFile; fileRef = F876E9242641D87F00DCC255 /* MoviesRepository.swift */; };
		F876E93A2641EC1400DCC255 /* MoviesRepositoryMockTest.swift in Sources */ = {isa = PBXBuildFile; fileRef = F876E9392641EC1400DCC255 /* MoviesRepositoryMockTest.swift */; };
		F876E93F2641F57E00DCC255 /* MoviesRepositoryTests.swift in Sources */ = {isa = PBXBuildFile; fileRef = F876E93E2641F57E00DCC255 /* MoviesRepositoryTests.swift */; };
		F87D9B93264AE60C0075DD47 /* HomePopularShowsViewModel.swift in Sources */ = {isa = PBXBuildFile; fileRef = F87D9B92264AE60C0075DD47 /* HomePopularShowsViewModel.swift */; };
		F87D9B98264AE6240075DD47 /* HomeOnTheAirShowsViewModel.swift in Sources */ = {isa = PBXBuildFile; fileRef = F87D9B97264AE6240075DD47 /* HomeOnTheAirShowsViewModel.swift */; };
		F87D9BBC264AFF3A0075DD47 /* HomeViewModelsFactory.swift in Sources */ = {isa = PBXBuildFile; fileRef = F87D9BBB264AFF3A0075DD47 /* HomeViewModelsFactory.swift */; };
		F87D9BC7264AFFFE0075DD47 /* HomeDependencyContainer.swift in Sources */ = {isa = PBXBuildFile; fileRef = F87D9BC6264AFFFE0075DD47 /* HomeDependencyContainer.swift */; };
		F87D9BD1264B01E40075DD47 /* HomeViewControllerFactory.swift in Sources */ = {isa = PBXBuildFile; fileRef = F87D9BD0264B01E40075DD47 /* HomeViewControllerFactory.swift */; };
		F87D9BD6264B0C320075DD47 /* AppDependencyContainer.swift in Sources */ = {isa = PBXBuildFile; fileRef = F87D9BD5264B0C320075DD47 /* AppDependencyContainer.swift */; };
		F87D9BDC264B11200075DD47 /* MovieUseCaseFactory.swift in Sources */ = {isa = PBXBuildFile; fileRef = F87D9BDB264B11200075DD47 /* MovieUseCaseFactory.swift */; };
		F87D9BE4264B12160075DD47 /* TVUseCaseFactory.swift in Sources */ = {isa = PBXBuildFile; fileRef = F87D9BE3264B12160075DD47 /* TVUseCaseFactory.swift */; };
		F87D9BF5264B29F90075DD47 /* CoordinatorFactory.swift in Sources */ = {isa = PBXBuildFile; fileRef = F87D9BF4264B29F90075DD47 /* CoordinatorFactory.swift */; };
		F8893F8126462ECA00EC72FD /* Single+Additionals.swift in Sources */ = {isa = PBXBuildFile; fileRef = F8893F8026462ECA00EC72FD /* Single+Additionals.swift */; };
		F8893F8626462EF500EC72FD /* RxSwift+Unwrap.swift in Sources */ = {isa = PBXBuildFile; fileRef = F8893F8526462EF500EC72FD /* RxSwift+Unwrap.swift */; };
		F8893F8B2646474100EC72FD /* HomePopularMoviesViewModel.swift in Sources */ = {isa = PBXBuildFile; fileRef = F8893F8A2646474100EC72FD /* HomePopularMoviesViewModel.swift */; };
		F8893F902646475A00EC72FD /* HomeNowPlayingMoviesViewModel.swift in Sources */ = {isa = PBXBuildFile; fileRef = F8893F8F2646475A00EC72FD /* HomeNowPlayingMoviesViewModel.swift */; };
		F8893F9826464AD700EC72FD /* LateInitWrapper.swift in Sources */ = {isa = PBXBuildFile; fileRef = F8893F9726464AD700EC72FD /* LateInitWrapper.swift */; };
		F8893F9D26464BC700EC72FD /* HomeTopRatedMoviesViewModel.swift in Sources */ = {isa = PBXBuildFile; fileRef = F8893F9C26464BC700EC72FD /* HomeTopRatedMoviesViewModel.swift */; };
		F89CB094263AD219009FA1AD /* NetworkRequest.swift in Sources */ = {isa = PBXBuildFile; fileRef = F89CB093263AD219009FA1AD /* NetworkRequest.swift */; };
		F89CB099263AD2D5009FA1AD /* NetworkResponseValidation.swift in Sources */ = {isa = PBXBuildFile; fileRef = F89CB098263AD2D5009FA1AD /* NetworkResponseValidation.swift */; };
		F89CB0A2263AD499009FA1AD /* APIParametersRequest.swift in Sources */ = {isa = PBXBuildFile; fileRef = F89CB0A1263AD499009FA1AD /* APIParametersRequest.swift */; };
		F89CB0A7263AD4AB009FA1AD /* APIEncodableRequest.swift in Sources */ = {isa = PBXBuildFile; fileRef = F89CB0A6263AD4AB009FA1AD /* APIEncodableRequest.swift */; };
		F89CB0AC263AD511009FA1AD /* HTTPResponseValidation.swift in Sources */ = {isa = PBXBuildFile; fileRef = F89CB0AB263AD511009FA1AD /* HTTPResponseValidation.swift */; };
		F89CB0B3263AD7C5009FA1AD /* NetworkRequestMockTests.swift in Sources */ = {isa = PBXBuildFile; fileRef = F89CB0B2263AD7C5009FA1AD /* NetworkRequestMockTests.swift */; };
		F89CB0BC263ADAC4009FA1AD /* MockNetworkHelper.swift in Sources */ = {isa = PBXBuildFile; fileRef = F89CB0BB263ADAC4009FA1AD /* MockNetworkHelper.swift */; };
		F89CB0C4263ADBC4009FA1AD /* UnitTestError.swift in Sources */ = {isa = PBXBuildFile; fileRef = F89CB0C3263ADBC4009FA1AD /* UnitTestError.swift */; };
		F89CB0C9263ADE56009FA1AD /* APINetworkRequestTests.swift in Sources */ = {isa = PBXBuildFile; fileRef = F89CB0C8263ADE56009FA1AD /* APINetworkRequestTests.swift */; };
		F89CB0CE263AE790009FA1AD /* APIPostModel.swift in Sources */ = {isa = PBXBuildFile; fileRef = F89CB0CD263AE790009FA1AD /* APIPostModel.swift */; };
		F89CB0D3263AF017009FA1AD /* NetworkService.swift in Sources */ = {isa = PBXBuildFile; fileRef = F89CB0D2263AF017009FA1AD /* NetworkService.swift */; };
		F89CB0D8263AF61B009FA1AD /* NetworkServiceMockTests.swift in Sources */ = {isa = PBXBuildFile; fileRef = F89CB0D7263AF61B009FA1AD /* NetworkServiceMockTests.swift */; };
		F89CB0EE263B0313009FA1AD /* AtomicWrapper.swift in Sources */ = {isa = PBXBuildFile; fileRef = F89CB0ED263B0313009FA1AD /* AtomicWrapper.swift */; };
		F89CB0F6263B0343009FA1AD /* APIClientService.swift in Sources */ = {isa = PBXBuildFile; fileRef = F89CB0F5263B0343009FA1AD /* APIClientService.swift */; };
		F89CB0FB263B0631009FA1AD /* NetworkServiceTests.swift in Sources */ = {isa = PBXBuildFile; fileRef = F89CB0FA263B0630009FA1AD /* NetworkServiceTests.swift */; };
		F89CB103263B06C6009FA1AD /* MockBuilder.swift in Sources */ = {isa = PBXBuildFile; fileRef = F89CB102263B06C6009FA1AD /* MockBuilder.swift */; };
		F89CB114263B11FE009FA1AD /* APIAuthenticatior.swift in Sources */ = {isa = PBXBuildFile; fileRef = F89CB113263B11FE009FA1AD /* APIAuthenticatior.swift */; };
		F89CB11A263B1250009FA1AD /* APIAuthenticatorTests.swift in Sources */ = {isa = PBXBuildFile; fileRef = F89CB119263B1250009FA1AD /* APIAuthenticatorTests.swift */; };
		F89CB1C5263B30E1009FA1AD /* AppConfig.swift in Sources */ = {isa = PBXBuildFile; fileRef = F89CB1C4263B30E1009FA1AD /* AppConfig.swift */; };
		F89CB1CB263B3C22009FA1AD /* APIServerResponseStatus.swift in Sources */ = {isa = PBXBuildFile; fileRef = F89CB1CA263B3C22009FA1AD /* APIServerResponseStatus.swift */; };
		F89CB1D3263B3C2B009FA1AD /* APIServerResponseError.swift in Sources */ = {isa = PBXBuildFile; fileRef = F89CB1D2263B3C2B009FA1AD /* APIServerResponseError.swift */; };
		F89CB1D8263B3C37009FA1AD /* APIServerResponse.swift in Sources */ = {isa = PBXBuildFile; fileRef = F89CB1D7263B3C37009FA1AD /* APIServerResponse.swift */; };
		F89CB1E8263B479B009FA1AD /* APIServerResponseTests.swift in Sources */ = {isa = PBXBuildFile; fileRef = F89CB1E7263B479A009FA1AD /* APIServerResponseTests.swift */; };
		F89D8F762636404E007A34CF /* AppDelegate.swift in Sources */ = {isa = PBXBuildFile; fileRef = F89D8F752636404E007A34CF /* AppDelegate.swift */; };
		F89D8F7A26364052007A34CF /* Assets.xcassets in Resources */ = {isa = PBXBuildFile; fileRef = F89D8F7926364052007A34CF /* Assets.xcassets */; };
		F89D8F7D26364052007A34CF /* LaunchScreen.storyboard in Resources */ = {isa = PBXBuildFile; fileRef = F89D8F7B26364052007A34CF /* LaunchScreen.storyboard */; };
		F89D8F8826364052007A34CF /* YouTVDemoTests.swift in Sources */ = {isa = PBXBuildFile; fileRef = F89D8F8726364052007A34CF /* YouTVDemoTests.swift */; };
		F89D8F9326364053007A34CF /* YouTVDemoUITests.swift in Sources */ = {isa = PBXBuildFile; fileRef = F89D8F9226364053007A34CF /* YouTVDemoUITests.swift */; };
		F8CF584A2645B52D00D80790 /* HomeSectionHeaderView.swift in Sources */ = {isa = PBXBuildFile; fileRef = F8CF58482645B52D00D80790 /* HomeSectionHeaderView.swift */; };
		F8CF584B2645B52D00D80790 /* HomeSectionHeaderView.xib in Resources */ = {isa = PBXBuildFile; fileRef = F8CF58492645B52D00D80790 /* HomeSectionHeaderView.xib */; };
		F8CF58512645BF9000D80790 /* HomeMovieCollectionCell.swift in Sources */ = {isa = PBXBuildFile; fileRef = F8CF584F2645BF9000D80790 /* HomeMovieCollectionCell.swift */; };
		F8CF58522645BF9000D80790 /* HomeMovieCollectionCell.xib in Resources */ = {isa = PBXBuildFile; fileRef = F8CF58502645BF9000D80790 /* HomeMovieCollectionCell.xib */; };
		F8CF58582645BFA800D80790 /* HomeShowCollectionCell.swift in Sources */ = {isa = PBXBuildFile; fileRef = F8CF58562645BFA800D80790 /* HomeShowCollectionCell.swift */; };
		F8CF58592645BFA800D80790 /* HomeShowCollectionCell.xib in Resources */ = {isa = PBXBuildFile; fileRef = F8CF58572645BFA800D80790 /* HomeShowCollectionCell.xib */; };
		F8DB5E6626504A7A00A58B59 /* UIImageView+SDWebImage.swift in Sources */ = {isa = PBXBuildFile; fileRef = F8DB5E6526504A7A00A58B59 /* UIImageView+SDWebImage.swift */; };
		F8DB5E6B26505C2100A58B59 /* RemoteImageAssetBuilder.swift in Sources */ = {isa = PBXBuildFile; fileRef = F8DB5E6A26505C2100A58B59 /* RemoteImageAssetBuilder.swift */; };
		F8E7EE682641FBA0008781E4 /* MoviesList.json in Resources */ = {isa = PBXBuildFile; fileRef = F8E7EE672641FBA0008781E4 /* MoviesList.json */; };
		F8E7EE892641FD1E008781E4 /* RepositoriesHelper.swift in Sources */ = {isa = PBXBuildFile; fileRef = F8E7EE882641FD1E008781E4 /* RepositoriesHelper.swift */; };
		F8F1544F264479AB005A26A0 /* MovieCollectionViewCell.swift in Sources */ = {isa = PBXBuildFile; fileRef = F8F1544D264479AB005A26A0 /* MovieCollectionViewCell.swift */; };
		F8F15450264479AB005A26A0 /* MovieCollectionViewCell.xib in Resources */ = {isa = PBXBuildFile; fileRef = F8F1544E264479AB005A26A0 /* MovieCollectionViewCell.xib */; };
		F8F15456264479BE005A26A0 /* ShowCollectionViewCell.swift in Sources */ = {isa = PBXBuildFile; fileRef = F8F15454264479BE005A26A0 /* ShowCollectionViewCell.swift */; };
		F8F15457264479BE005A26A0 /* ShowCollectionViewCell.xib in Resources */ = {isa = PBXBuildFile; fileRef = F8F15455264479BE005A26A0 /* ShowCollectionViewCell.xib */; };
/* End PBXBuildFile section */

/* Begin PBXContainerItemProxy section */
		F89D8F8426364052007A34CF /* PBXContainerItemProxy */ = {
			isa = PBXContainerItemProxy;
			containerPortal = F89D8F6A2636404E007A34CF /* Project object */;
			proxyType = 1;
			remoteGlobalIDString = F89D8F712636404E007A34CF;
			remoteInfo = YouTVDemo;
		};
		F89D8F8F26364053007A34CF /* PBXContainerItemProxy */ = {
			isa = PBXContainerItemProxy;
			containerPortal = F89D8F6A2636404E007A34CF /* Project object */;
			proxyType = 1;
			remoteGlobalIDString = F89D8F712636404E007A34CF;
			remoteInfo = YouTVDemo;
		};
/* End PBXContainerItemProxy section */

/* Begin PBXFileReference section */
		68640120F1626DAEBABAE3CD /* Pods_YouTVDemo.framework */ = {isa = PBXFileReference; explicitFileType = wrapper.framework; includeInIndex = 0; path = Pods_YouTVDemo.framework; sourceTree = BUILT_PRODUCTS_DIR; };
		93A33151E2541330E3FE82FE /* Pods-YouTVDemo.release.xcconfig */ = {isa = PBXFileReference; includeInIndex = 1; lastKnownFileType = text.xcconfig; name = "Pods-YouTVDemo.release.xcconfig"; path = "Target Support Files/Pods-YouTVDemo/Pods-YouTVDemo.release.xcconfig"; sourceTree = "<group>"; };
		A20C5FE47B93D367EF31F796 /* Pods-YouTVDemoTests.debug.xcconfig */ = {isa = PBXFileReference; includeInIndex = 1; lastKnownFileType = text.xcconfig; name = "Pods-YouTVDemoTests.debug.xcconfig"; path = "Target Support Files/Pods-YouTVDemoTests/Pods-YouTVDemoTests.debug.xcconfig"; sourceTree = "<group>"; };
		C10E31255956133E108A12C5 /* Pods-YouTVDemo.debug.xcconfig */ = {isa = PBXFileReference; includeInIndex = 1; lastKnownFileType = text.xcconfig; name = "Pods-YouTVDemo.debug.xcconfig"; path = "Target Support Files/Pods-YouTVDemo/Pods-YouTVDemo.debug.xcconfig"; sourceTree = "<group>"; };
		D3EA5FAC7C12C8AADDF221C6 /* Pods_YouTVDemoTests.framework */ = {isa = PBXFileReference; explicitFileType = wrapper.framework; includeInIndex = 0; path = Pods_YouTVDemoTests.framework; sourceTree = BUILT_PRODUCTS_DIR; };
		F70519D2E2018B25012634F8 /* Pods-YouTVDemoTests.release.xcconfig */ = {isa = PBXFileReference; includeInIndex = 1; lastKnownFileType = text.xcconfig; name = "Pods-YouTVDemoTests.release.xcconfig"; path = "Target Support Files/Pods-YouTVDemoTests/Pods-YouTVDemoTests.release.xcconfig"; sourceTree = "<group>"; };
		F8106D862636D7C400653AF8 /* Base */ = {isa = PBXFileReference; lastKnownFileType = file.storyboard; name = Base; path = Base.lproj/Main.storyboard; sourceTree = "<group>"; };
		F8106DB42636D9E700653AF8 /* Base */ = {isa = PBXFileReference; lastKnownFileType = text.plist.strings; name = Base; path = Base.lproj/Localizable.strings; sourceTree = "<group>"; };
		F8106DB62636D9E700653AF8 /* Base */ = {isa = PBXFileReference; lastKnownFileType = text.plist.strings; name = Base; path = Base.lproj/InfoPlist.strings; sourceTree = "<group>"; };
		F8106DBC2636D9EA00653AF8 /* en */ = {isa = PBXFileReference; lastKnownFileType = text.plist.strings; name = en; path = en.lproj/InfoPlist.strings; sourceTree = "<group>"; };
		F8106DBD2636D9EC00653AF8 /* da-DK */ = {isa = PBXFileReference; lastKnownFileType = text.plist.strings; name = "da-DK"; path = "da-DK.lproj/InfoPlist.strings"; sourceTree = "<group>"; };
		F8106DBE2636D9F200653AF8 /* en */ = {isa = PBXFileReference; lastKnownFileType = text.plist.strings; name = en; path = en.lproj/Localizable.strings; sourceTree = "<group>"; };
		F8106DBF2636D9F400653AF8 /* da-DK */ = {isa = PBXFileReference; lastKnownFileType = text.plist.strings; name = "da-DK"; path = "da-DK.lproj/Localizable.strings"; sourceTree = "<group>"; };
		F8106DCC2636E1CE00653AF8 /* Logger.swift */ = {isa = PBXFileReference; lastKnownFileType = sourcecode.swift; path = Logger.swift; sourceTree = "<group>"; };
		F8106DD12636FFE200653AF8 /* ImageAsset.swift */ = {isa = PBXFileReference; lastKnownFileType = sourcecode.swift; path = ImageAsset.swift; sourceTree = "<group>"; };
		F8106DD72637026300653AF8 /* UIImage+Additionals.swift */ = {isa = PBXFileReference; lastKnownFileType = sourcecode.swift; path = "UIImage+Additionals.swift"; sourceTree = "<group>"; };
		F8106DE02637062E00653AF8 /* String+Localization.swift */ = {isa = PBXFileReference; lastKnownFileType = sourcecode.swift; path = "String+Localization.swift"; sourceTree = "<group>"; };
		F8106DE52637068600653AF8 /* String+EmptyChecker.swift */ = {isa = PBXFileReference; lastKnownFileType = sourcecode.swift; path = "String+EmptyChecker.swift"; sourceTree = "<group>"; };
		F8106E1326370CA900653AF8 /* Result+Extension.swift */ = {isa = PBXFileReference; lastKnownFileType = sourcecode.swift; path = "Result+Extension.swift"; sourceTree = "<group>"; };
		F8106E1826370D1000653AF8 /* UIColor+Extensions.swift */ = {isa = PBXFileReference; lastKnownFileType = sourcecode.swift; path = "UIColor+Extensions.swift"; sourceTree = "<group>"; };
		F8106E1D26370E4D00653AF8 /* UITableView+Helper.swift */ = {isa = PBXFileReference; lastKnownFileType = sourcecode.swift; path = "UITableView+Helper.swift"; sourceTree = "<group>"; };
		F8106E2226370E6800653AF8 /* UICollectionView+Helper.swift */ = {isa = PBXFileReference; lastKnownFileType = sourcecode.swift; path = "UICollectionView+Helper.swift"; sourceTree = "<group>"; };
		F8106E2726370EB300653AF8 /* UIView+Nibs.swift */ = {isa = PBXFileReference; lastKnownFileType = sourcecode.swift; path = "UIView+Nibs.swift"; sourceTree = "<group>"; };
		F8106E5426371CE200653AF8 /* UILabel+Localization.swift */ = {isa = PBXFileReference; lastKnownFileType = sourcecode.swift; path = "UILabel+Localization.swift"; sourceTree = "<group>"; };
		F8106E5926371DAA00653AF8 /* UINavigationBarItem+Localization.swift */ = {isa = PBXFileReference; lastKnownFileType = sourcecode.swift; path = "UINavigationBarItem+Localization.swift"; sourceTree = "<group>"; };
		F8106E5F26371DE800653AF8 /* UIButton+Localization.swift */ = {isa = PBXFileReference; lastKnownFileType = sourcecode.swift; path = "UIButton+Localization.swift"; sourceTree = "<group>"; };
		F8106E6426371DF900653AF8 /* UITextField+Localization.swift */ = {isa = PBXFileReference; lastKnownFileType = sourcecode.swift; path = "UITextField+Localization.swift"; sourceTree = "<group>"; };
		F8106E6926371F0500653AF8 /* UIView+Animation.swift */ = {isa = PBXFileReference; lastKnownFileType = sourcecode.swift; path = "UIView+Animation.swift"; sourceTree = "<group>"; };
		F8106E6E263723E100653AF8 /* Bundle+Extension.swift */ = {isa = PBXFileReference; lastKnownFileType = sourcecode.swift; path = "Bundle+Extension.swift"; sourceTree = "<group>"; };
		F8106E732637247100653AF8 /* Collection+Additionals.swift */ = {isa = PBXFileReference; lastKnownFileType = sourcecode.swift; path = "Collection+Additionals.swift"; sourceTree = "<group>"; };
		F8106E782637263700653AF8 /* DispatchQueue+Additional.swift */ = {isa = PBXFileReference; lastKnownFileType = sourcecode.swift; path = "DispatchQueue+Additional.swift"; sourceTree = "<group>"; };
		F8106E7D26372C9900653AF8 /* Storyboard+Casting.swift */ = {isa = PBXFileReference; lastKnownFileType = sourcecode.swift; path = "Storyboard+Casting.swift"; sourceTree = "<group>"; };
		F8106E832637322600653AF8 /* NibWrapper.swift */ = {isa = PBXFileReference; lastKnownFileType = sourcecode.swift; path = NibWrapper.swift; sourceTree = "<group>"; };
		F8108CF0263F011100AFD73A /* AnyPublisher+Helper.swift */ = {isa = PBXFileReference; lastKnownFileType = sourcecode.swift; path = "AnyPublisher+Helper.swift"; sourceTree = "<group>"; };
		F8108D0B263F129F00AFD73A /* Pagination.swift */ = {isa = PBXFileReference; lastKnownFileType = sourcecode.swift; path = Pagination.swift; sourceTree = "<group>"; };
		F8108D10263F130500AFD73A /* Dates.swift */ = {isa = PBXFileReference; lastKnownFileType = sourcecode.swift; path = Dates.swift; sourceTree = "<group>"; };
		F8108D15263F17AC00AFD73A /* MovieSummery.swift */ = {isa = PBXFileReference; lastKnownFileType = sourcecode.swift; path = MovieSummery.swift; sourceTree = "<group>"; };
		F8108D1A263F190400AFD73A /* MovieDetail.swift */ = {isa = PBXFileReference; lastKnownFileType = sourcecode.swift; path = MovieDetail.swift; sourceTree = "<group>"; };
		F8108D25263F195600AFD73A /* SpokenLanguage.swift */ = {isa = PBXFileReference; lastKnownFileType = sourcecode.swift; path = SpokenLanguage.swift; sourceTree = "<group>"; };
		F8108D2B263F1B9300AFD73A /* Genre.swift */ = {isa = PBXFileReference; lastKnownFileType = sourcecode.swift; path = Genre.swift; sourceTree = "<group>"; };
		F8108D33263F1BE300AFD73A /* ProductionCompany.swift */ = {isa = PBXFileReference; lastKnownFileType = sourcecode.swift; path = ProductionCompany.swift; sourceTree = "<group>"; };
		F8108D38263F1C1800AFD73A /* ProductionCountry.swift */ = {isa = PBXFileReference; lastKnownFileType = sourcecode.swift; path = ProductionCountry.swift; sourceTree = "<group>"; };
		F8108D3D263F1C6200AFD73A /* Video.swift */ = {isa = PBXFileReference; lastKnownFileType = sourcecode.swift; path = Video.swift; sourceTree = "<group>"; };
		F8108D42263F1D8A00AFD73A /* Image.swift */ = {isa = PBXFileReference; lastKnownFileType = sourcecode.swift; path = Image.swift; sourceTree = "<group>"; };
		F8108D48263F21CB00AFD73A /* TVSerialSummery.swift */ = {isa = PBXFileReference; lastKnownFileType = sourcecode.swift; path = TVSerialSummery.swift; sourceTree = "<group>"; };
		F8108D50263F220300AFD73A /* TVSerialDetail.swift */ = {isa = PBXFileReference; lastKnownFileType = sourcecode.swift; path = TVSerialDetail.swift; sourceTree = "<group>"; };
		F8108D56263F2C1F00AFD73A /* APIConfigs.swift */ = {isa = PBXFileReference; lastKnownFileType = sourcecode.swift; path = APIConfigs.swift; sourceTree = "<group>"; };
		F8108D62263F337100AFD73A /* MoviesRemoteRepository.swift */ = {isa = PBXFileReference; lastKnownFileType = sourcecode.swift; path = MoviesRemoteRepository.swift; sourceTree = "<group>"; };
		F8108D6E263F339E00AFD73A /* TVRemoteRepository.swift */ = {isa = PBXFileReference; lastKnownFileType = sourcecode.swift; path = TVRemoteRepository.swift; sourceTree = "<group>"; };
		F8108D76263F33AE00AFD73A /* DiscoverRemoteRepository.swift */ = {isa = PBXFileReference; lastKnownFileType = sourcecode.swift; path = DiscoverRemoteRepository.swift; sourceTree = "<group>"; };
		F8108D7B263F33BD00AFD73A /* SearchRemoteRepository.swift */ = {isa = PBXFileReference; lastKnownFileType = sourcecode.swift; path = SearchRemoteRepository.swift; sourceTree = "<group>"; };
		F8532F1D26460B27000FB4A8 /* HomeSectionLayout.swift */ = {isa = PBXFileReference; lastKnownFileType = sourcecode.swift; path = HomeSectionLayout.swift; sourceTree = "<group>"; };
		F86E98832642DC7D00F89FF8 /* FightClubMovie.json */ = {isa = PBXFileReference; lastKnownFileType = text.json; path = FightClubMovie.json; sourceTree = "<group>"; };
		F86E988B2642E00D00F89FF8 /* MoviesRepositoryIntegrationTests.swift */ = {isa = PBXFileReference; lastKnownFileType = sourcecode.swift; path = MoviesRepositoryIntegrationTests.swift; sourceTree = "<group>"; };
		F86E98932642ED8700F89FF8 /* MoviesUseCases.swift */ = {isa = PBXFileReference; lastKnownFileType = sourcecode.swift; path = MoviesUseCases.swift; sourceTree = "<group>"; };
		F86E98992642EF0D00F89FF8 /* MoviesUseCasesImp.swift */ = {isa = PBXFileReference; lastKnownFileType = sourcecode.swift; path = MoviesUseCasesImp.swift; sourceTree = "<group>"; };
		F86E98A42642F6A500F89FF8 /* TVRepository.swift */ = {isa = PBXFileReference; lastKnownFileType = sourcecode.swift; path = TVRepository.swift; sourceTree = "<group>"; };
		F86E98A92642FB6500F89FF8 /* TVUseCases.swift */ = {isa = PBXFileReference; lastKnownFileType = sourcecode.swift; path = TVUseCases.swift; sourceTree = "<group>"; };
		F86E98AE2642FC1100F89FF8 /* TVUseCasesImp.swift */ = {isa = PBXFileReference; lastKnownFileType = sourcecode.swift; path = TVUseCasesImp.swift; sourceTree = "<group>"; };
		F86E98C026430B8E00F89FF8 /* Storyboarded.swift */ = {isa = PBXFileReference; lastKnownFileType = sourcecode.swift; path = Storyboarded.swift; sourceTree = "<group>"; };
		F86E993D2643235D00F89FF8 /* AppCoordinator.swift */ = {isa = PBXFileReference; lastKnownFileType = sourcecode.swift; path = AppCoordinator.swift; sourceTree = "<group>"; };
		F86E99422643243A00F89FF8 /* MainCoordinator.swift */ = {isa = PBXFileReference; lastKnownFileType = sourcecode.swift; path = MainCoordinator.swift; sourceTree = "<group>"; };
		F86E994F2643254800F89FF8 /* HomeCoordinator.swift */ = {isa = PBXFileReference; lastKnownFileType = sourcecode.swift; path = HomeCoordinator.swift; sourceTree = "<group>"; };
		F86E9959264341B600F89FF8 /* HomeViewController.swift */ = {isa = PBXFileReference; lastKnownFileType = sourcecode.swift; path = HomeViewController.swift; sourceTree = "<group>"; };
		F86E9961264344D500F89FF8 /* Bindable.swift */ = {isa = PBXFileReference; lastKnownFileType = sourcecode.swift; path = Bindable.swift; sourceTree = "<group>"; };
		F86E996C2643468700F89FF8 /* HomeViewModel.swift */ = {isa = PBXFileReference; lastKnownFileType = sourcecode.swift; path = HomeViewModel.swift; sourceTree = "<group>"; };
		F86E99742643469C00F89FF8 /* HomeMoviesViewModel.swift */ = {isa = PBXFileReference; lastKnownFileType = sourcecode.swift; path = HomeMoviesViewModel.swift; sourceTree = "<group>"; };
		F86E9979264346B400F89FF8 /* HomeShowsViewModel.swift */ = {isa = PBXFileReference; lastKnownFileType = sourcecode.swift; path = HomeShowsViewModel.swift; sourceTree = "<group>"; };
		F86E997E264346C400F89FF8 /* HomeSectionBaseViewModel.swift */ = {isa = PBXFileReference; lastKnownFileType = sourcecode.swift; path = HomeSectionBaseViewModel.swift; sourceTree = "<group>"; };
		F86E9983264346E300F89FF8 /* HomeMovieViewModel.swift */ = {isa = PBXFileReference; lastKnownFileType = sourcecode.swift; path = HomeMovieViewModel.swift; sourceTree = "<group>"; };
		F86E998C264347F600F89FF8 /* HomeShowViewModel.swift */ = {isa = PBXFileReference; lastKnownFileType = sourcecode.swift; path = HomeShowViewModel.swift; sourceTree = "<group>"; };
		F876E9242641D87F00DCC255 /* MoviesRepository.swift */ = {isa = PBXFileReference; lastKnownFileType = sourcecode.swift; path = MoviesRepository.swift; sourceTree = "<group>"; };
		F876E9392641EC1400DCC255 /* MoviesRepositoryMockTest.swift */ = {isa = PBXFileReference; lastKnownFileType = sourcecode.swift; path = MoviesRepositoryMockTest.swift; sourceTree = "<group>"; };
		F876E93E2641F57E00DCC255 /* MoviesRepositoryTests.swift */ = {isa = PBXFileReference; lastKnownFileType = sourcecode.swift; path = MoviesRepositoryTests.swift; sourceTree = "<group>"; };
		F87D9B92264AE60C0075DD47 /* HomePopularShowsViewModel.swift */ = {isa = PBXFileReference; lastKnownFileType = sourcecode.swift; path = HomePopularShowsViewModel.swift; sourceTree = "<group>"; };
		F87D9B97264AE6240075DD47 /* HomeOnTheAirShowsViewModel.swift */ = {isa = PBXFileReference; lastKnownFileType = sourcecode.swift; path = HomeOnTheAirShowsViewModel.swift; sourceTree = "<group>"; };
		F87D9BBB264AFF3A0075DD47 /* HomeViewModelsFactory.swift */ = {isa = PBXFileReference; lastKnownFileType = sourcecode.swift; path = HomeViewModelsFactory.swift; sourceTree = "<group>"; };
		F87D9BC6264AFFFE0075DD47 /* HomeDependencyContainer.swift */ = {isa = PBXFileReference; lastKnownFileType = sourcecode.swift; path = HomeDependencyContainer.swift; sourceTree = "<group>"; };
		F87D9BD0264B01E40075DD47 /* HomeViewControllerFactory.swift */ = {isa = PBXFileReference; lastKnownFileType = sourcecode.swift; path = HomeViewControllerFactory.swift; sourceTree = "<group>"; };
		F87D9BD5264B0C320075DD47 /* AppDependencyContainer.swift */ = {isa = PBXFileReference; lastKnownFileType = sourcecode.swift; path = AppDependencyContainer.swift; sourceTree = "<group>"; };
		F87D9BDB264B11200075DD47 /* MovieUseCaseFactory.swift */ = {isa = PBXFileReference; lastKnownFileType = sourcecode.swift; path = MovieUseCaseFactory.swift; sourceTree = "<group>"; };
		F87D9BE3264B12160075DD47 /* TVUseCaseFactory.swift */ = {isa = PBXFileReference; lastKnownFileType = sourcecode.swift; path = TVUseCaseFactory.swift; sourceTree = "<group>"; };
		F87D9BF4264B29F90075DD47 /* CoordinatorFactory.swift */ = {isa = PBXFileReference; lastKnownFileType = sourcecode.swift; path = CoordinatorFactory.swift; sourceTree = "<group>"; };
		F8893F8026462ECA00EC72FD /* Single+Additionals.swift */ = {isa = PBXFileReference; lastKnownFileType = sourcecode.swift; path = "Single+Additionals.swift"; sourceTree = "<group>"; };
		F8893F8526462EF500EC72FD /* RxSwift+Unwrap.swift */ = {isa = PBXFileReference; lastKnownFileType = sourcecode.swift; path = "RxSwift+Unwrap.swift"; sourceTree = "<group>"; };
		F8893F8A2646474100EC72FD /* HomePopularMoviesViewModel.swift */ = {isa = PBXFileReference; lastKnownFileType = sourcecode.swift; path = HomePopularMoviesViewModel.swift; sourceTree = "<group>"; };
		F8893F8F2646475A00EC72FD /* HomeNowPlayingMoviesViewModel.swift */ = {isa = PBXFileReference; lastKnownFileType = sourcecode.swift; path = HomeNowPlayingMoviesViewModel.swift; sourceTree = "<group>"; };
		F8893F9726464AD700EC72FD /* LateInitWrapper.swift */ = {isa = PBXFileReference; lastKnownFileType = sourcecode.swift; path = LateInitWrapper.swift; sourceTree = "<group>"; };
		F8893F9C26464BC700EC72FD /* HomeTopRatedMoviesViewModel.swift */ = {isa = PBXFileReference; lastKnownFileType = sourcecode.swift; path = HomeTopRatedMoviesViewModel.swift; sourceTree = "<group>"; };
		F89CB093263AD219009FA1AD /* NetworkRequest.swift */ = {isa = PBXFileReference; lastKnownFileType = sourcecode.swift; path = NetworkRequest.swift; sourceTree = "<group>"; };
		F89CB098263AD2D5009FA1AD /* NetworkResponseValidation.swift */ = {isa = PBXFileReference; lastKnownFileType = sourcecode.swift; path = NetworkResponseValidation.swift; sourceTree = "<group>"; };
		F89CB0A1263AD499009FA1AD /* APIParametersRequest.swift */ = {isa = PBXFileReference; lastKnownFileType = sourcecode.swift; path = APIParametersRequest.swift; sourceTree = "<group>"; };
		F89CB0A6263AD4AB009FA1AD /* APIEncodableRequest.swift */ = {isa = PBXFileReference; lastKnownFileType = sourcecode.swift; path = APIEncodableRequest.swift; sourceTree = "<group>"; };
		F89CB0AB263AD511009FA1AD /* HTTPResponseValidation.swift */ = {isa = PBXFileReference; lastKnownFileType = sourcecode.swift; path = HTTPResponseValidation.swift; sourceTree = "<group>"; };
		F89CB0B2263AD7C5009FA1AD /* NetworkRequestMockTests.swift */ = {isa = PBXFileReference; lastKnownFileType = sourcecode.swift; path = NetworkRequestMockTests.swift; sourceTree = "<group>"; };
		F89CB0BB263ADAC4009FA1AD /* MockNetworkHelper.swift */ = {isa = PBXFileReference; lastKnownFileType = sourcecode.swift; path = MockNetworkHelper.swift; sourceTree = "<group>"; };
		F89CB0C3263ADBC4009FA1AD /* UnitTestError.swift */ = {isa = PBXFileReference; lastKnownFileType = sourcecode.swift; path = UnitTestError.swift; sourceTree = "<group>"; };
		F89CB0C8263ADE56009FA1AD /* APINetworkRequestTests.swift */ = {isa = PBXFileReference; lastKnownFileType = sourcecode.swift; path = APINetworkRequestTests.swift; sourceTree = "<group>"; };
		F89CB0CD263AE790009FA1AD /* APIPostModel.swift */ = {isa = PBXFileReference; lastKnownFileType = sourcecode.swift; path = APIPostModel.swift; sourceTree = "<group>"; };
		F89CB0D2263AF017009FA1AD /* NetworkService.swift */ = {isa = PBXFileReference; lastKnownFileType = sourcecode.swift; path = NetworkService.swift; sourceTree = "<group>"; };
		F89CB0D7263AF61B009FA1AD /* NetworkServiceMockTests.swift */ = {isa = PBXFileReference; lastKnownFileType = sourcecode.swift; path = NetworkServiceMockTests.swift; sourceTree = "<group>"; };
		F89CB0ED263B0313009FA1AD /* AtomicWrapper.swift */ = {isa = PBXFileReference; lastKnownFileType = sourcecode.swift; path = AtomicWrapper.swift; sourceTree = "<group>"; };
		F89CB0F5263B0343009FA1AD /* APIClientService.swift */ = {isa = PBXFileReference; fileEncoding = 4; lastKnownFileType = sourcecode.swift; path = APIClientService.swift; sourceTree = "<group>"; };
		F89CB0FA263B0630009FA1AD /* NetworkServiceTests.swift */ = {isa = PBXFileReference; fileEncoding = 4; lastKnownFileType = sourcecode.swift; path = NetworkServiceTests.swift; sourceTree = "<group>"; };
		F89CB102263B06C6009FA1AD /* MockBuilder.swift */ = {isa = PBXFileReference; lastKnownFileType = sourcecode.swift; path = MockBuilder.swift; sourceTree = "<group>"; };
		F89CB113263B11FE009FA1AD /* APIAuthenticatior.swift */ = {isa = PBXFileReference; fileEncoding = 4; lastKnownFileType = sourcecode.swift; path = APIAuthenticatior.swift; sourceTree = "<group>"; };
		F89CB119263B1250009FA1AD /* APIAuthenticatorTests.swift */ = {isa = PBXFileReference; lastKnownFileType = sourcecode.swift; path = APIAuthenticatorTests.swift; sourceTree = "<group>"; };
		F89CB1C4263B30E1009FA1AD /* AppConfig.swift */ = {isa = PBXFileReference; lastKnownFileType = sourcecode.swift; path = AppConfig.swift; sourceTree = "<group>"; };
		F89CB1CA263B3C22009FA1AD /* APIServerResponseStatus.swift */ = {isa = PBXFileReference; lastKnownFileType = sourcecode.swift; path = APIServerResponseStatus.swift; sourceTree = "<group>"; };
		F89CB1D2263B3C2B009FA1AD /* APIServerResponseError.swift */ = {isa = PBXFileReference; lastKnownFileType = sourcecode.swift; path = APIServerResponseError.swift; sourceTree = "<group>"; };
		F89CB1D7263B3C37009FA1AD /* APIServerResponse.swift */ = {isa = PBXFileReference; lastKnownFileType = sourcecode.swift; path = APIServerResponse.swift; sourceTree = "<group>"; };
		F89CB1E7263B479A009FA1AD /* APIServerResponseTests.swift */ = {isa = PBXFileReference; fileEncoding = 4; lastKnownFileType = sourcecode.swift; path = APIServerResponseTests.swift; sourceTree = "<group>"; };
		F89D8F722636404E007A34CF /* YouTVDemo.app */ = {isa = PBXFileReference; explicitFileType = wrapper.application; includeInIndex = 0; path = YouTVDemo.app; sourceTree = BUILT_PRODUCTS_DIR; };
		F89D8F752636404E007A34CF /* AppDelegate.swift */ = {isa = PBXFileReference; lastKnownFileType = sourcecode.swift; path = AppDelegate.swift; sourceTree = "<group>"; };
		F89D8F7926364052007A34CF /* Assets.xcassets */ = {isa = PBXFileReference; lastKnownFileType = folder.assetcatalog; path = Assets.xcassets; sourceTree = "<group>"; };
		F89D8F7C26364052007A34CF /* Base */ = {isa = PBXFileReference; lastKnownFileType = file.storyboard; name = Base; path = Base.lproj/LaunchScreen.storyboard; sourceTree = "<group>"; };
		F89D8F7E26364052007A34CF /* Info.plist */ = {isa = PBXFileReference; lastKnownFileType = text.plist.xml; path = Info.plist; sourceTree = "<group>"; };
		F89D8F8326364052007A34CF /* YouTVDemoTests.xctest */ = {isa = PBXFileReference; explicitFileType = wrapper.cfbundle; includeInIndex = 0; path = YouTVDemoTests.xctest; sourceTree = BUILT_PRODUCTS_DIR; };
		F89D8F8726364052007A34CF /* YouTVDemoTests.swift */ = {isa = PBXFileReference; lastKnownFileType = sourcecode.swift; path = YouTVDemoTests.swift; sourceTree = "<group>"; };
		F89D8F8926364052007A34CF /* Info.plist */ = {isa = PBXFileReference; lastKnownFileType = text.plist.xml; path = Info.plist; sourceTree = "<group>"; };
		F89D8F8E26364052007A34CF /* YouTVDemoUITests.xctest */ = {isa = PBXFileReference; explicitFileType = wrapper.cfbundle; includeInIndex = 0; path = YouTVDemoUITests.xctest; sourceTree = BUILT_PRODUCTS_DIR; };
		F89D8F9226364053007A34CF /* YouTVDemoUITests.swift */ = {isa = PBXFileReference; lastKnownFileType = sourcecode.swift; path = YouTVDemoUITests.swift; sourceTree = "<group>"; };
		F89D8F9426364053007A34CF /* Info.plist */ = {isa = PBXFileReference; lastKnownFileType = text.plist.xml; path = Info.plist; sourceTree = "<group>"; };
		F8CF58482645B52D00D80790 /* HomeSectionHeaderView.swift */ = {isa = PBXFileReference; lastKnownFileType = sourcecode.swift; path = HomeSectionHeaderView.swift; sourceTree = "<group>"; };
		F8CF58492645B52D00D80790 /* HomeSectionHeaderView.xib */ = {isa = PBXFileReference; lastKnownFileType = file.xib; path = HomeSectionHeaderView.xib; sourceTree = "<group>"; };
		F8CF584F2645BF9000D80790 /* HomeMovieCollectionCell.swift */ = {isa = PBXFileReference; lastKnownFileType = sourcecode.swift; path = HomeMovieCollectionCell.swift; sourceTree = "<group>"; };
		F8CF58502645BF9000D80790 /* HomeMovieCollectionCell.xib */ = {isa = PBXFileReference; lastKnownFileType = file.xib; path = HomeMovieCollectionCell.xib; sourceTree = "<group>"; };
		F8CF58562645BFA800D80790 /* HomeShowCollectionCell.swift */ = {isa = PBXFileReference; lastKnownFileType = sourcecode.swift; path = HomeShowCollectionCell.swift; sourceTree = "<group>"; };
		F8CF58572645BFA800D80790 /* HomeShowCollectionCell.xib */ = {isa = PBXFileReference; lastKnownFileType = file.xib; path = HomeShowCollectionCell.xib; sourceTree = "<group>"; };
		F8DB5E6526504A7A00A58B59 /* UIImageView+SDWebImage.swift */ = {isa = PBXFileReference; lastKnownFileType = sourcecode.swift; path = "UIImageView+SDWebImage.swift"; sourceTree = "<group>"; };
		F8DB5E6A26505C2100A58B59 /* RemoteImageAssetBuilder.swift */ = {isa = PBXFileReference; lastKnownFileType = sourcecode.swift; path = RemoteImageAssetBuilder.swift; sourceTree = "<group>"; };
		F8E7EE672641FBA0008781E4 /* MoviesList.json */ = {isa = PBXFileReference; lastKnownFileType = text.json; path = MoviesList.json; sourceTree = "<group>"; };
		F8E7EE882641FD1E008781E4 /* RepositoriesHelper.swift */ = {isa = PBXFileReference; lastKnownFileType = sourcecode.swift; path = RepositoriesHelper.swift; sourceTree = "<group>"; };
		F8F1544D264479AB005A26A0 /* MovieCollectionViewCell.swift */ = {isa = PBXFileReference; lastKnownFileType = sourcecode.swift; path = MovieCollectionViewCell.swift; sourceTree = "<group>"; };
		F8F1544E264479AB005A26A0 /* MovieCollectionViewCell.xib */ = {isa = PBXFileReference; lastKnownFileType = file.xib; path = MovieCollectionViewCell.xib; sourceTree = "<group>"; };
		F8F15454264479BE005A26A0 /* ShowCollectionViewCell.swift */ = {isa = PBXFileReference; lastKnownFileType = sourcecode.swift; path = ShowCollectionViewCell.swift; sourceTree = "<group>"; };
		F8F15455264479BE005A26A0 /* ShowCollectionViewCell.xib */ = {isa = PBXFileReference; lastKnownFileType = file.xib; path = ShowCollectionViewCell.xib; sourceTree = "<group>"; };
/* End PBXFileReference section */

/* Begin PBXFrameworksBuildPhase section */
		F89D8F6F2636404E007A34CF /* Frameworks */ = {
			isa = PBXFrameworksBuildPhase;
			buildActionMask = 2147483647;
			files = (
				67CBED5B4E509E558A5D7B57 /* Pods_YouTVDemo.framework in Frameworks */,
			);
			runOnlyForDeploymentPostprocessing = 0;
		};
		F89D8F8026364052007A34CF /* Frameworks */ = {
			isa = PBXFrameworksBuildPhase;
			buildActionMask = 2147483647;
			files = (
				0EF4A467E7E239758E1E6713 /* Pods_YouTVDemoTests.framework in Frameworks */,
			);
			runOnlyForDeploymentPostprocessing = 0;
		};
		F89D8F8B26364052007A34CF /* Frameworks */ = {
			isa = PBXFrameworksBuildPhase;
			buildActionMask = 2147483647;
			files = (
			);
			runOnlyForDeploymentPostprocessing = 0;
		};
/* End PBXFrameworksBuildPhase section */

/* Begin PBXGroup section */
		097515A35784C4EED150133C /* Frameworks */ = {
			isa = PBXGroup;
			children = (
				68640120F1626DAEBABAE3CD /* Pods_YouTVDemo.framework */,
				D3EA5FAC7C12C8AADDF221C6 /* Pods_YouTVDemoTests.framework */,
			);
			name = Frameworks;
			sourceTree = "<group>";
		};
		9F18AACA1A0C2CD64F4DF280 /* Pods */ = {
			isa = PBXGroup;
			children = (
				C10E31255956133E108A12C5 /* Pods-YouTVDemo.debug.xcconfig */,
				93A33151E2541330E3FE82FE /* Pods-YouTVDemo.release.xcconfig */,
				A20C5FE47B93D367EF31F796 /* Pods-YouTVDemoTests.debug.xcconfig */,
				F70519D2E2018B25012634F8 /* Pods-YouTVDemoTests.release.xcconfig */,
			);
			path = Pods;
			sourceTree = "<group>";
		};
		F8106D6A2636D0E200653AF8 /* Resources */ = {
			isa = PBXGroup;
			children = (
				F8106D8C2636D92200653AF8 /* Localization */,
				F8106D722636D0F700653AF8 /* Storyboards */,
				F89D8F7926364052007A34CF /* Assets.xcassets */,
			);
			path = Resources;
			sourceTree = "<group>";
		};
		F8106D6B2636D0E200653AF8 /* Classes */ = {
			isa = PBXGroup;
			children = (
				F86E98B92643053200F89FF8 /* Presentation */,
				F8106D762636D11500653AF8 /* Application */,
				F8106D8B2636D8C600653AF8 /* Domain */,
				F8106D782636D13C00653AF8 /* DataLayer */,
				F8106D792636D16000653AF8 /* Extensions */,
				F8106D7A2636D16B00653AF8 /* Utilites */,
			);
			path = Classes;
			sourceTree = "<group>";
		};
		F8106D722636D0F700653AF8 /* Storyboards */ = {
			isa = PBXGroup;
			children = (
				F89D8F7B26364052007A34CF /* LaunchScreen.storyboard */,
				F8106D852636D7C400653AF8 /* Main.storyboard */,
			);
			path = Storyboards;
			sourceTree = "<group>";
		};
		F8106D762636D11500653AF8 /* Application */ = {
			isa = PBXGroup;
			children = (
				F89D8F752636404E007A34CF /* AppDelegate.swift */,
				F89CB1C4263B30E1009FA1AD /* AppConfig.swift */,
				F87D9BD5264B0C320075DD47 /* AppDependencyContainer.swift */,
			);
			path = Application;
			sourceTree = "<group>";
		};
		F8106D772636D12600653AF8 /* Features */ = {
			isa = PBXGroup;
			children = (
				F86E9954264340A300F89FF8 /* Home */,
			);
			path = Features;
			sourceTree = "<group>";
		};
		F8106D782636D13C00653AF8 /* DataLayer */ = {
			isa = PBXGroup;
			children = (
				F8108D61263F333B00AFD73A /* Repositories */,
				F8108CF8263F05F700AFD73A /* Models */,
				F89CB10A263B1163009FA1AD /* Networking */,
			);
			path = DataLayer;
			sourceTree = "<group>";
		};
		F8106D792636D16000653AF8 /* Extensions */ = {
			isa = PBXGroup;
			children = (
				F8893F7F26462EA500EC72FD /* RxSwift */,
				F8108CEF263F010300AFD73A /* Combine */,
				F8106DDF263705EF00653AF8 /* Foundation */,
				F8106DD62637022300653AF8 /* UI */,
			);
			path = Extensions;
			sourceTree = "<group>";
		};
		F8106D7A2636D16B00653AF8 /* Utilites */ = {
			isa = PBXGroup;
			children = (
				F86E9961264344D500F89FF8 /* Bindable.swift */,
				F86E98C026430B8E00F89FF8 /* Storyboarded.swift */,
				F8106E822637321600653AF8 /* PropertyWrapper */,
				F8106DCC2636E1CE00653AF8 /* Logger.swift */,
				F8106DD12636FFE200653AF8 /* ImageAsset.swift */,
				F8DB5E6A26505C2100A58B59 /* RemoteImageAssetBuilder.swift */,
			);
			path = Utilites;
			sourceTree = "<group>";
		};
		F8106D8B2636D8C600653AF8 /* Domain */ = {
			isa = PBXGroup;
			children = (
				F86E98A12642F66700F89FF8 /* TVSerial */,
				F876E9222641D83D00DCC255 /* Movie */,
			);
			path = Domain;
			sourceTree = "<group>";
		};
		F8106D8C2636D92200653AF8 /* Localization */ = {
			isa = PBXGroup;
			children = (
				F8106DB52636D9E700653AF8 /* InfoPlist.strings */,
				F8106DB32636D9E700653AF8 /* Localizable.strings */,
			);
			path = Localization;
			sourceTree = "<group>";
		};
		F8106DD62637022300653AF8 /* UI */ = {
			isa = PBXGroup;
			children = (
				F8106E5E26371DC500653AF8 /* Localization */,
				F8106DD72637026300653AF8 /* UIImage+Additionals.swift */,
				F8106E1826370D1000653AF8 /* UIColor+Extensions.swift */,
				F8106E1D26370E4D00653AF8 /* UITableView+Helper.swift */,
				F8106E2226370E6800653AF8 /* UICollectionView+Helper.swift */,
				F8106E2726370EB300653AF8 /* UIView+Nibs.swift */,
				F8106E6926371F0500653AF8 /* UIView+Animation.swift */,
				F8106E7D26372C9900653AF8 /* Storyboard+Casting.swift */,
				F8DB5E6526504A7A00A58B59 /* UIImageView+SDWebImage.swift */,
			);
			path = UI;
			sourceTree = "<group>";
		};
		F8106DDF263705EF00653AF8 /* Foundation */ = {
			isa = PBXGroup;
			children = (
				F8106DE02637062E00653AF8 /* String+Localization.swift */,
				F8106DE52637068600653AF8 /* String+EmptyChecker.swift */,
				F8106E1326370CA900653AF8 /* Result+Extension.swift */,
				F8106E6E263723E100653AF8 /* Bundle+Extension.swift */,
				F8106E732637247100653AF8 /* Collection+Additionals.swift */,
				F8106E782637263700653AF8 /* DispatchQueue+Additional.swift */,
			);
			path = Foundation;
			sourceTree = "<group>";
		};
		F8106E5E26371DC500653AF8 /* Localization */ = {
			isa = PBXGroup;
			children = (
				F8106E5426371CE200653AF8 /* UILabel+Localization.swift */,
				F8106E5926371DAA00653AF8 /* UINavigationBarItem+Localization.swift */,
				F8106E5F26371DE800653AF8 /* UIButton+Localization.swift */,
				F8106E6426371DF900653AF8 /* UITextField+Localization.swift */,
			);
			path = Localization;
			sourceTree = "<group>";
		};
		F8106E822637321600653AF8 /* PropertyWrapper */ = {
			isa = PBXGroup;
			children = (
				F8106E832637322600653AF8 /* NibWrapper.swift */,
				F89CB0ED263B0313009FA1AD /* AtomicWrapper.swift */,
				F8893F9726464AD700EC72FD /* LateInitWrapper.swift */,
			);
			path = PropertyWrapper;
			sourceTree = "<group>";
		};
		F8108CEF263F010300AFD73A /* Combine */ = {
			isa = PBXGroup;
			children = (
				F8108CF0263F011100AFD73A /* AnyPublisher+Helper.swift */,
			);
			path = Combine;
			sourceTree = "<group>";
		};
		F8108CF8263F05F700AFD73A /* Models */ = {
			isa = PBXGroup;
			children = (
				F8108D55263F2C1400AFD73A /* Misc */,
				F8108D47263F21B700AFD73A /* TV */,
				F8108D24263F194700AFD73A /* Language */,
				F8108D23263F194200AFD73A /* Production */,
				F8108D1F263F190600AFD73A /* Movies */,
				F8108D0B263F129F00AFD73A /* Pagination.swift */,
				F8108D10263F130500AFD73A /* Dates.swift */,
				F8108D2B263F1B9300AFD73A /* Genre.swift */,
				F8108D3D263F1C6200AFD73A /* Video.swift */,
				F8108D42263F1D8A00AFD73A /* Image.swift */,
			);
			path = Models;
			sourceTree = "<group>";
		};
		F8108D1F263F190600AFD73A /* Movies */ = {
			isa = PBXGroup;
			children = (
				F8108D15263F17AC00AFD73A /* MovieSummery.swift */,
				F8108D1A263F190400AFD73A /* MovieDetail.swift */,
			);
			path = Movies;
			sourceTree = "<group>";
		};
		F8108D23263F194200AFD73A /* Production */ = {
			isa = PBXGroup;
			children = (
				F8108D33263F1BE300AFD73A /* ProductionCompany.swift */,
				F8108D38263F1C1800AFD73A /* ProductionCountry.swift */,
			);
			path = Production;
			sourceTree = "<group>";
		};
		F8108D24263F194700AFD73A /* Language */ = {
			isa = PBXGroup;
			children = (
				F8108D25263F195600AFD73A /* SpokenLanguage.swift */,
			);
			path = Language;
			sourceTree = "<group>";
		};
		F8108D47263F21B700AFD73A /* TV */ = {
			isa = PBXGroup;
			children = (
				F8108D48263F21CB00AFD73A /* TVSerialSummery.swift */,
				F8108D50263F220300AFD73A /* TVSerialDetail.swift */,
			);
			path = TV;
			sourceTree = "<group>";
		};
		F8108D55263F2C1400AFD73A /* Misc */ = {
			isa = PBXGroup;
			children = (
				F8108D56263F2C1F00AFD73A /* APIConfigs.swift */,
			);
			path = Misc;
			sourceTree = "<group>";
		};
		F8108D61263F333B00AFD73A /* Repositories */ = {
			isa = PBXGroup;
			children = (
				F8108D6D263F338F00AFD73A /* Search */,
				F8108D6C263F338300AFD73A /* Discover */,
				F8108D6B263F337F00AFD73A /* TV */,
				F8108D6A263F337700AFD73A /* Movies */,
			);
			path = Repositories;
			sourceTree = "<group>";
		};
		F8108D6A263F337700AFD73A /* Movies */ = {
			isa = PBXGroup;
			children = (
				F8108D62263F337100AFD73A /* MoviesRemoteRepository.swift */,
			);
			path = Movies;
			sourceTree = "<group>";
		};
		F8108D6B263F337F00AFD73A /* TV */ = {
			isa = PBXGroup;
			children = (
				F8108D6E263F339E00AFD73A /* TVRemoteRepository.swift */,
			);
			path = TV;
			sourceTree = "<group>";
		};
		F8108D6C263F338300AFD73A /* Discover */ = {
			isa = PBXGroup;
			children = (
				F8108D76263F33AE00AFD73A /* DiscoverRemoteRepository.swift */,
			);
			path = Discover;
			sourceTree = "<group>";
		};
		F8108D6D263F338F00AFD73A /* Search */ = {
			isa = PBXGroup;
			children = (
				F8108D7B263F33BD00AFD73A /* SearchRemoteRepository.swift */,
			);
			path = Search;
			sourceTree = "<group>";
		};
		F8532F1C26460AED000FB4A8 /* Layout */ = {
			isa = PBXGroup;
			children = (
				F8532F1D26460B27000FB4A8 /* HomeSectionLayout.swift */,
			);
			path = Layout;
			sourceTree = "<group>";
		};
		F86E98982642EEE600F89FF8 /* Implemention */ = {
			isa = PBXGroup;
			children = (
				F86E98992642EF0D00F89FF8 /* MoviesUseCasesImp.swift */,
			);
			path = Implemention;
			sourceTree = "<group>";
		};
		F86E98A12642F66700F89FF8 /* TVSerial */ = {
			isa = PBXGroup;
			children = (
				F86E98A32642F67200F89FF8 /* Implemention */,
				F86E98A22642F66C00F89FF8 /* Abstracts */,
			);
			path = TVSerial;
			sourceTree = "<group>";
		};
		F86E98A22642F66C00F89FF8 /* Abstracts */ = {
			isa = PBXGroup;
			children = (
				F86E98A42642F6A500F89FF8 /* TVRepository.swift */,
				F86E98A92642FB6500F89FF8 /* TVUseCases.swift */,
			);
			path = Abstracts;
			sourceTree = "<group>";
		};
		F86E98A32642F67200F89FF8 /* Implemention */ = {
			isa = PBXGroup;
			children = (
				F86E98AE2642FC1100F89FF8 /* TVUseCasesImp.swift */,
			);
			path = Implemention;
			sourceTree = "<group>";
		};
		F86E98B92643053200F89FF8 /* Presentation */ = {
			isa = PBXGroup;
			children = (
				F86E99692643457900F89FF8 /* Commons */,
				F86E98BA2643057C00F89FF8 /* Coordinator */,
				F8106D772636D12600653AF8 /* Features */,
			);
			path = Presentation;
			sourceTree = "<group>";
		};
		F86E98BA2643057C00F89FF8 /* Coordinator */ = {
			isa = PBXGroup;
			children = (
				F86E993D2643235D00F89FF8 /* AppCoordinator.swift */,
				F86E99422643243A00F89FF8 /* MainCoordinator.swift */,
				F86E994F2643254800F89FF8 /* HomeCoordinator.swift */,
				F87D9BF4264B29F90075DD47 /* CoordinatorFactory.swift */,
			);
			path = Coordinator;
			sourceTree = "<group>";
		};
		F86E9954264340A300F89FF8 /* Home */ = {
			isa = PBXGroup;
			children = (
				F87D9BBA264AFF2D0075DD47 /* Factory */,
				F87D9BB9264AFF230075DD47 /* Dependency */,
				F86E9958264340D100F89FF8 /* ViewControllers */,
				F86E9957264340C300F89FF8 /* Views */,
				F86E9955264340AB00F89FF8 /* ViewModels */,
			);
			path = Home;
			sourceTree = "<group>";
		};
		F86E9955264340AB00F89FF8 /* ViewModels */ = {
			isa = PBXGroup;
			children = (
				F86E99922643488500F89FF8 /* TVShows */,
				F86E99912643487F00F89FF8 /* Movies */,
				F86E996C2643468700F89FF8 /* HomeViewModel.swift */,
				F86E997E264346C400F89FF8 /* HomeSectionBaseViewModel.swift */,
			);
			path = ViewModels;
			sourceTree = "<group>";
		};
		F86E9957264340C300F89FF8 /* Views */ = {
			isa = PBXGroup;
			children = (
				F8532F1C26460AED000FB4A8 /* Layout */,
				F8CF58482645B52D00D80790 /* HomeSectionHeaderView.swift */,
				F8CF58492645B52D00D80790 /* HomeSectionHeaderView.xib */,
				F8CF584F2645BF9000D80790 /* HomeMovieCollectionCell.swift */,
				F8CF58502645BF9000D80790 /* HomeMovieCollectionCell.xib */,
				F8CF58562645BFA800D80790 /* HomeShowCollectionCell.swift */,
				F8CF58572645BFA800D80790 /* HomeShowCollectionCell.xib */,
			);
			path = Views;
			sourceTree = "<group>";
		};
		F86E9958264340D100F89FF8 /* ViewControllers */ = {
			isa = PBXGroup;
			children = (
				F86E9959264341B600F89FF8 /* HomeViewController.swift */,
			);
			path = ViewControllers;
			sourceTree = "<group>";
		};
		F86E99692643457900F89FF8 /* Commons */ = {
			isa = PBXGroup;
			children = (
				F87D9BDA264B110F0075DD47 /* Factories */,
				F86E996B2643458500F89FF8 /* ViewModels */,
				F86E996A2643458100F89FF8 /* Views */,
			);
			path = Commons;
			sourceTree = "<group>";
		};
		F86E996A2643458100F89FF8 /* Views */ = {
			isa = PBXGroup;
			children = (
				F8F1544C2644797D005A26A0 /* Shows */,
				F8F1544B26447977005A26A0 /* Movies */,
			);
			path = Views;
			sourceTree = "<group>";
		};
		F86E996B2643458500F89FF8 /* ViewModels */ = {
			isa = PBXGroup;
			children = (
			);
			path = ViewModels;
			sourceTree = "<group>";
		};
		F86E99912643487F00F89FF8 /* Movies */ = {
			isa = PBXGroup;
			children = (
				F86E99742643469C00F89FF8 /* HomeMoviesViewModel.swift */,
				F8893F8A2646474100EC72FD /* HomePopularMoviesViewModel.swift */,
				F8893F8F2646475A00EC72FD /* HomeNowPlayingMoviesViewModel.swift */,
				F8893F9C26464BC700EC72FD /* HomeTopRatedMoviesViewModel.swift */,
				F86E9983264346E300F89FF8 /* HomeMovieViewModel.swift */,
			);
			path = Movies;
			sourceTree = "<group>";
		};
		F86E99922643488500F89FF8 /* TVShows */ = {
			isa = PBXGroup;
			children = (
				F86E9979264346B400F89FF8 /* HomeShowsViewModel.swift */,
				F86E998C264347F600F89FF8 /* HomeShowViewModel.swift */,
				F87D9B92264AE60C0075DD47 /* HomePopularShowsViewModel.swift */,
				F87D9B97264AE6240075DD47 /* HomeOnTheAirShowsViewModel.swift */,
			);
			path = TVShows;
			sourceTree = "<group>";
		};
		F876E9222641D83D00DCC255 /* Movie */ = {
			isa = PBXGroup;
			children = (
				F86E98982642EEE600F89FF8 /* Implemention */,
				F876E9232641D85300DCC255 /* Abstract */,
			);
			path = Movie;
			sourceTree = "<group>";
		};
		F876E9232641D85300DCC255 /* Abstract */ = {
			isa = PBXGroup;
			children = (
				F876E9242641D87F00DCC255 /* MoviesRepository.swift */,
				F86E98932642ED8700F89FF8 /* MoviesUseCases.swift */,
			);
			path = Abstract;
			sourceTree = "<group>";
		};
		F876E92C2641EBD000DCC255 /* Domain */ = {
			isa = PBXGroup;
			children = (
				F876E92D2641EBE100DCC255 /* Movie */,
			);
			path = Domain;
			sourceTree = "<group>";
		};
		F876E92D2641EBE100DCC255 /* Movie */ = {
			isa = PBXGroup;
			children = (
				F876E9392641EC1400DCC255 /* MoviesRepositoryMockTest.swift */,
			);
			path = Movie;
			sourceTree = "<group>";
		};
		F87D9BB9264AFF230075DD47 /* Dependency */ = {
			isa = PBXGroup;
			children = (
				F87D9BC6264AFFFE0075DD47 /* HomeDependencyContainer.swift */,
			);
			path = Dependency;
			sourceTree = "<group>";
		};
		F87D9BBA264AFF2D0075DD47 /* Factory */ = {
			isa = PBXGroup;
			children = (
				F87D9BBB264AFF3A0075DD47 /* HomeViewModelsFactory.swift */,
				F87D9BD0264B01E40075DD47 /* HomeViewControllerFactory.swift */,
			);
			path = Factory;
			sourceTree = "<group>";
		};
		F87D9BDA264B110F0075DD47 /* Factories */ = {
			isa = PBXGroup;
			children = (
				F87D9BDB264B11200075DD47 /* MovieUseCaseFactory.swift */,
				F87D9BE3264B12160075DD47 /* TVUseCaseFactory.swift */,
			);
			path = Factories;
			sourceTree = "<group>";
		};
		F8893F7F26462EA500EC72FD /* RxSwift */ = {
			isa = PBXGroup;
			children = (
				F8893F8026462ECA00EC72FD /* Single+Additionals.swift */,
				F8893F8526462EF500EC72FD /* RxSwift+Unwrap.swift */,
			);
			path = RxSwift;
			sourceTree = "<group>";
		};
		F89CB092263AD1FC009FA1AD /* Abstract */ = {
			isa = PBXGroup;
			children = (
				F89CB093263AD219009FA1AD /* NetworkRequest.swift */,
				F89CB098263AD2D5009FA1AD /* NetworkResponseValidation.swift */,
				F89CB0D2263AF017009FA1AD /* NetworkService.swift */,
			);
			path = Abstract;
			sourceTree = "<group>";
		};
		F89CB0A0263AD458009FA1AD /* Request */ = {
			isa = PBXGroup;
			children = (
				F89CB0A1263AD499009FA1AD /* APIParametersRequest.swift */,
				F89CB0A6263AD4AB009FA1AD /* APIEncodableRequest.swift */,
				F89CB0AB263AD511009FA1AD /* HTTPResponseValidation.swift */,
			);
			path = Request;
			sourceTree = "<group>";
		};
		F89CB0B0263AD767009FA1AD /* Data Layer */ = {
			isa = PBXGroup;
			children = (
				F8E7EE7C2641FC62008781E4 /* Repositories */,
				F8E7EE662641FB76008781E4 /* Resources */,
				F876E92C2641EBD000DCC255 /* Domain */,
				F89CB118263B1236009FA1AD /* Authentictor */,
				F89CB0B1263AD76F009FA1AD /* Networking */,
			);
			path = "Data Layer";
			sourceTree = "<group>";
		};
		F89CB0B1263AD76F009FA1AD /* Networking */ = {
			isa = PBXGroup;
			children = (
				F89CB0BA263ADAAB009FA1AD /* Helper */,
				F89CB0B2263AD7C5009FA1AD /* NetworkRequestMockTests.swift */,
				F89CB0C8263ADE56009FA1AD /* APINetworkRequestTests.swift */,
				F89CB0D7263AF61B009FA1AD /* NetworkServiceMockTests.swift */,
				F89CB0FA263B0630009FA1AD /* NetworkServiceTests.swift */,
				F89CB1E7263B479A009FA1AD /* APIServerResponseTests.swift */,
			);
			path = Networking;
			sourceTree = "<group>";
		};
		F89CB0BA263ADAAB009FA1AD /* Helper */ = {
			isa = PBXGroup;
			children = (
				F89CB0BB263ADAC4009FA1AD /* MockNetworkHelper.swift */,
				F89CB0CD263AE790009FA1AD /* APIPostModel.swift */,
				F89CB102263B06C6009FA1AD /* MockBuilder.swift */,
			);
			path = Helper;
			sourceTree = "<group>";
		};
		F89CB0E4263B0294009FA1AD /* Implementation */ = {
			isa = PBXGroup;
			children = (
				F89CB113263B11FE009FA1AD /* APIAuthenticatior.swift */,
				F89CB0F5263B0343009FA1AD /* APIClientService.swift */,
			);
			path = Implementation;
			sourceTree = "<group>";
		};
		F89CB10A263B1163009FA1AD /* Networking */ = {
			isa = PBXGroup;
			children = (
				F89CB092263AD1FC009FA1AD /* Abstract */,
				F89CB0A0263AD458009FA1AD /* Request */,
				F89CB1C9263B3BFE009FA1AD /* Response */,
				F89CB0E4263B0294009FA1AD /* Implementation */,
			);
			path = Networking;
			sourceTree = "<group>";
		};
		F89CB118263B1236009FA1AD /* Authentictor */ = {
			isa = PBXGroup;
			children = (
				F89CB119263B1250009FA1AD /* APIAuthenticatorTests.swift */,
			);
			path = Authentictor;
			sourceTree = "<group>";
		};
		F89CB1C9263B3BFE009FA1AD /* Response */ = {
			isa = PBXGroup;
			children = (
				F89CB1CA263B3C22009FA1AD /* APIServerResponseStatus.swift */,
				F89CB1D2263B3C2B009FA1AD /* APIServerResponseError.swift */,
				F89CB1D7263B3C37009FA1AD /* APIServerResponse.swift */,
			);
			path = Response;
			sourceTree = "<group>";
		};
		F89D8F692636404E007A34CF = {
			isa = PBXGroup;
			children = (
				F89D8F742636404E007A34CF /* YouTVDemo */,
				F89D8F8626364052007A34CF /* YouTVDemoTests */,
				F89D8F9126364053007A34CF /* YouTVDemoUITests */,
				F89D8F732636404E007A34CF /* Products */,
				9F18AACA1A0C2CD64F4DF280 /* Pods */,
				097515A35784C4EED150133C /* Frameworks */,
			);
			sourceTree = "<group>";
		};
		F89D8F732636404E007A34CF /* Products */ = {
			isa = PBXGroup;
			children = (
				F89D8F722636404E007A34CF /* YouTVDemo.app */,
				F89D8F8326364052007A34CF /* YouTVDemoTests.xctest */,
				F89D8F8E26364052007A34CF /* YouTVDemoUITests.xctest */,
			);
			name = Products;
			sourceTree = "<group>";
		};
		F89D8F742636404E007A34CF /* YouTVDemo */ = {
			isa = PBXGroup;
			children = (
				F8106D6B2636D0E200653AF8 /* Classes */,
				F8106D6A2636D0E200653AF8 /* Resources */,
				F89D8F7E26364052007A34CF /* Info.plist */,
			);
			path = YouTVDemo;
			sourceTree = "<group>";
		};
		F89D8F8626364052007A34CF /* YouTVDemoTests */ = {
			isa = PBXGroup;
			children = (
				F89CB0B0263AD767009FA1AD /* Data Layer */,
				F89D8F8726364052007A34CF /* YouTVDemoTests.swift */,
				F89D8F8926364052007A34CF /* Info.plist */,
				F89CB0C3263ADBC4009FA1AD /* UnitTestError.swift */,
			);
			path = YouTVDemoTests;
			sourceTree = "<group>";
		};
		F89D8F9126364053007A34CF /* YouTVDemoUITests */ = {
			isa = PBXGroup;
			children = (
				F89D8F9226364053007A34CF /* YouTVDemoUITests.swift */,
				F89D8F9426364053007A34CF /* Info.plist */,
			);
			path = YouTVDemoUITests;
			sourceTree = "<group>";
		};
		F8E7EE662641FB76008781E4 /* Resources */ = {
			isa = PBXGroup;
			children = (
				F8E7EE672641FBA0008781E4 /* MoviesList.json */,
				F86E98832642DC7D00F89FF8 /* FightClubMovie.json */,
			);
			path = Resources;
			sourceTree = "<group>";
		};
		F8E7EE7C2641FC62008781E4 /* Repositories */ = {
			isa = PBXGroup;
			children = (
				F876E93E2641F57E00DCC255 /* MoviesRepositoryTests.swift */,
				F86E988B2642E00D00F89FF8 /* MoviesRepositoryIntegrationTests.swift */,
				F8E7EE882641FD1E008781E4 /* RepositoriesHelper.swift */,
			);
			path = Repositories;
			sourceTree = "<group>";
		};
		F8F1544B26447977005A26A0 /* Movies */ = {
			isa = PBXGroup;
			children = (
				F8F1544D264479AB005A26A0 /* MovieCollectionViewCell.swift */,
				F8F1544E264479AB005A26A0 /* MovieCollectionViewCell.xib */,
			);
			path = Movies;
			sourceTree = "<group>";
		};
		F8F1544C2644797D005A26A0 /* Shows */ = {
			isa = PBXGroup;
			children = (
				F8F15454264479BE005A26A0 /* ShowCollectionViewCell.swift */,
				F8F15455264479BE005A26A0 /* ShowCollectionViewCell.xib */,
			);
			path = Shows;
			sourceTree = "<group>";
		};
/* End PBXGroup section */

/* Begin PBXNativeTarget section */
		F89D8F712636404E007A34CF /* YouTVDemo */ = {
			isa = PBXNativeTarget;
			buildConfigurationList = F89D8F9726364053007A34CF /* Build configuration list for PBXNativeTarget "YouTVDemo" */;
			buildPhases = (
				B3C30EF3A62EC3F34B1848C2 /* [CP] Check Pods Manifest.lock */,
				F89D8F6E2636404E007A34CF /* Sources */,
				F89D8F6F2636404E007A34CF /* Frameworks */,
				F89D8F702636404E007A34CF /* Resources */,
				25EA14C2558214F319AFFDD0 /* [CP] Embed Pods Frameworks */,
				F8106D7B2636D28700653AF8 /* Swiftlint Runner */,
			);
			buildRules = (
			);
			dependencies = (
			);
			name = YouTVDemo;
			productName = YouTVDemo;
			productReference = F89D8F722636404E007A34CF /* YouTVDemo.app */;
			productType = "com.apple.product-type.application";
		};
		F89D8F8226364052007A34CF /* YouTVDemoTests */ = {
			isa = PBXNativeTarget;
			buildConfigurationList = F89D8F9A26364053007A34CF /* Build configuration list for PBXNativeTarget "YouTVDemoTests" */;
			buildPhases = (
				AB35A75DDBFA87E2306A1294 /* [CP] Check Pods Manifest.lock */,
				F89D8F7F26364052007A34CF /* Sources */,
				F89D8F8026364052007A34CF /* Frameworks */,
				F89D8F8126364052007A34CF /* Resources */,
				332D3C35D91CEFEC6ABDAEF0 /* [CP] Embed Pods Frameworks */,
			);
			buildRules = (
			);
			dependencies = (
				F89D8F8526364052007A34CF /* PBXTargetDependency */,
			);
			name = YouTVDemoTests;
			productName = YouTVDemoTests;
			productReference = F89D8F8326364052007A34CF /* YouTVDemoTests.xctest */;
			productType = "com.apple.product-type.bundle.unit-test";
		};
		F89D8F8D26364052007A34CF /* YouTVDemoUITests */ = {
			isa = PBXNativeTarget;
			buildConfigurationList = F89D8F9D26364053007A34CF /* Build configuration list for PBXNativeTarget "YouTVDemoUITests" */;
			buildPhases = (
				F89D8F8A26364052007A34CF /* Sources */,
				F89D8F8B26364052007A34CF /* Frameworks */,
				F89D8F8C26364052007A34CF /* Resources */,
			);
			buildRules = (
			);
			dependencies = (
				F89D8F9026364053007A34CF /* PBXTargetDependency */,
			);
			name = YouTVDemoUITests;
			productName = YouTVDemoUITests;
			productReference = F89D8F8E26364052007A34CF /* YouTVDemoUITests.xctest */;
			productType = "com.apple.product-type.bundle.ui-testing";
		};
/* End PBXNativeTarget section */

/* Begin PBXProject section */
		F89D8F6A2636404E007A34CF /* Project object */ = {
			isa = PBXProject;
			attributes = {
				LastSwiftUpdateCheck = 1220;
				LastUpgradeCheck = 1220;
				ORGANIZATIONNAME = iFarshad;
				TargetAttributes = {
					F89D8F712636404E007A34CF = {
						CreatedOnToolsVersion = 12.2;
					};
					F89D8F8226364052007A34CF = {
						CreatedOnToolsVersion = 12.2;
						TestTargetID = F89D8F712636404E007A34CF;
					};
					F89D8F8D26364052007A34CF = {
						CreatedOnToolsVersion = 12.2;
						TestTargetID = F89D8F712636404E007A34CF;
					};
				};
			};
			buildConfigurationList = F89D8F6D2636404E007A34CF /* Build configuration list for PBXProject "YouTVDemo" */;
			compatibilityVersion = "Xcode 9.3";
			developmentRegion = en;
			hasScannedForEncodings = 0;
			knownRegions = (
				en,
				Base,
				"da-DK",
			);
			mainGroup = F89D8F692636404E007A34CF;
			productRefGroup = F89D8F732636404E007A34CF /* Products */;
			projectDirPath = "";
			projectRoot = "";
			targets = (
				F89D8F712636404E007A34CF /* YouTVDemo */,
				F89D8F8226364052007A34CF /* YouTVDemoTests */,
				F89D8F8D26364052007A34CF /* YouTVDemoUITests */,
			);
		};
/* End PBXProject section */

/* Begin PBXResourcesBuildPhase section */
		F89D8F702636404E007A34CF /* Resources */ = {
			isa = PBXResourcesBuildPhase;
			buildActionMask = 2147483647;
			files = (
				F8106D872636D7C400653AF8 /* Main.storyboard in Resources */,
				F8CF58592645BFA800D80790 /* HomeShowCollectionCell.xib in Resources */,
				F8106DB72636D9E700653AF8 /* Localizable.strings in Resources */,
				F89D8F7A26364052007A34CF /* Assets.xcassets in Resources */,
				F89D8F7D26364052007A34CF /* LaunchScreen.storyboard in Resources */,
				F8CF584B2645B52D00D80790 /* HomeSectionHeaderView.xib in Resources */,
				F8CF58522645BF9000D80790 /* HomeMovieCollectionCell.xib in Resources */,
				F8106DB82636D9E700653AF8 /* InfoPlist.strings in Resources */,
				F8F15450264479AB005A26A0 /* MovieCollectionViewCell.xib in Resources */,
				F8F15457264479BE005A26A0 /* ShowCollectionViewCell.xib in Resources */,
			);
			runOnlyForDeploymentPostprocessing = 0;
		};
		F89D8F8126364052007A34CF /* Resources */ = {
			isa = PBXResourcesBuildPhase;
			buildActionMask = 2147483647;
			files = (
				F86E98842642DC7D00F89FF8 /* FightClubMovie.json in Resources */,
				F8E7EE682641FBA0008781E4 /* MoviesList.json in Resources */,
			);
			runOnlyForDeploymentPostprocessing = 0;
		};
		F89D8F8C26364052007A34CF /* Resources */ = {
			isa = PBXResourcesBuildPhase;
			buildActionMask = 2147483647;
			files = (
			);
			runOnlyForDeploymentPostprocessing = 0;
		};
/* End PBXResourcesBuildPhase section */

/* Begin PBXShellScriptBuildPhase section */
		25EA14C2558214F319AFFDD0 /* [CP] Embed Pods Frameworks */ = {
			isa = PBXShellScriptBuildPhase;
			buildActionMask = 2147483647;
			files = (
			);
			inputFileListPaths = (
				"${PODS_ROOT}/Target Support Files/Pods-YouTVDemo/Pods-YouTVDemo-frameworks-${CONFIGURATION}-input-files.xcfilelist",
			);
			name = "[CP] Embed Pods Frameworks";
			outputFileListPaths = (
				"${PODS_ROOT}/Target Support Files/Pods-YouTVDemo/Pods-YouTVDemo-frameworks-${CONFIGURATION}-output-files.xcfilelist",
			);
			runOnlyForDeploymentPostprocessing = 0;
			shellPath = /bin/sh;
			shellScript = "\"${PODS_ROOT}/Target Support Files/Pods-YouTVDemo/Pods-YouTVDemo-frameworks.sh\"\n";
			showEnvVarsInLog = 0;
		};
		332D3C35D91CEFEC6ABDAEF0 /* [CP] Embed Pods Frameworks */ = {
			isa = PBXShellScriptBuildPhase;
			buildActionMask = 2147483647;
			files = (
			);
			inputFileListPaths = (
				"${PODS_ROOT}/Target Support Files/Pods-YouTVDemoTests/Pods-YouTVDemoTests-frameworks-${CONFIGURATION}-input-files.xcfilelist",
			);
			name = "[CP] Embed Pods Frameworks";
			outputFileListPaths = (
				"${PODS_ROOT}/Target Support Files/Pods-YouTVDemoTests/Pods-YouTVDemoTests-frameworks-${CONFIGURATION}-output-files.xcfilelist",
			);
			runOnlyForDeploymentPostprocessing = 0;
			shellPath = /bin/sh;
			shellScript = "\"${PODS_ROOT}/Target Support Files/Pods-YouTVDemoTests/Pods-YouTVDemoTests-frameworks.sh\"\n";
			showEnvVarsInLog = 0;
		};
		AB35A75DDBFA87E2306A1294 /* [CP] Check Pods Manifest.lock */ = {
			isa = PBXShellScriptBuildPhase;
			buildActionMask = 2147483647;
			files = (
			);
			inputFileListPaths = (
			);
			inputPaths = (
				"${PODS_PODFILE_DIR_PATH}/Podfile.lock",
				"${PODS_ROOT}/Manifest.lock",
			);
			name = "[CP] Check Pods Manifest.lock";
			outputFileListPaths = (
			);
			outputPaths = (
				"$(DERIVED_FILE_DIR)/Pods-YouTVDemoTests-checkManifestLockResult.txt",
			);
			runOnlyForDeploymentPostprocessing = 0;
			shellPath = /bin/sh;
			shellScript = "diff \"${PODS_PODFILE_DIR_PATH}/Podfile.lock\" \"${PODS_ROOT}/Manifest.lock\" > /dev/null\nif [ $? != 0 ] ; then\n    # print error to STDERR\n    echo \"error: The sandbox is not in sync with the Podfile.lock. Run 'pod install' or update your CocoaPods installation.\" >&2\n    exit 1\nfi\n# This output is used by Xcode 'outputs' to avoid re-running this script phase.\necho \"SUCCESS\" > \"${SCRIPT_OUTPUT_FILE_0}\"\n";
			showEnvVarsInLog = 0;
		};
		B3C30EF3A62EC3F34B1848C2 /* [CP] Check Pods Manifest.lock */ = {
			isa = PBXShellScriptBuildPhase;
			buildActionMask = 2147483647;
			files = (
			);
			inputFileListPaths = (
			);
			inputPaths = (
				"${PODS_PODFILE_DIR_PATH}/Podfile.lock",
				"${PODS_ROOT}/Manifest.lock",
			);
			name = "[CP] Check Pods Manifest.lock";
			outputFileListPaths = (
			);
			outputPaths = (
				"$(DERIVED_FILE_DIR)/Pods-YouTVDemo-checkManifestLockResult.txt",
			);
			runOnlyForDeploymentPostprocessing = 0;
			shellPath = /bin/sh;
			shellScript = "diff \"${PODS_PODFILE_DIR_PATH}/Podfile.lock\" \"${PODS_ROOT}/Manifest.lock\" > /dev/null\nif [ $? != 0 ] ; then\n    # print error to STDERR\n    echo \"error: The sandbox is not in sync with the Podfile.lock. Run 'pod install' or update your CocoaPods installation.\" >&2\n    exit 1\nfi\n# This output is used by Xcode 'outputs' to avoid re-running this script phase.\necho \"SUCCESS\" > \"${SCRIPT_OUTPUT_FILE_0}\"\n";
			showEnvVarsInLog = 0;
		};
		F8106D7B2636D28700653AF8 /* Swiftlint Runner */ = {
			isa = PBXShellScriptBuildPhase;
			buildActionMask = 2147483647;
			files = (
			);
			inputFileListPaths = (
			);
			inputPaths = (
			);
			name = "Swiftlint Runner";
			outputFileListPaths = (
			);
			outputPaths = (
			);
			runOnlyForDeploymentPostprocessing = 0;
			shellPath = /bin/sh;
			shellScript = "# Type a script or drag a script file from your workspace to insert its path.\nif which swiftlint >/dev/null; then\n    swiftlint autocorrect\n    swiftlint \nelif which \"${PODS_ROOT}/SwiftLint/swiftlint\" >/dev/null; then\n    echo \"${PODS_ROOT}/SwiftLint/swiftlint autocorrect\"\n    echo \"${PODS_ROOT}/SwiftLint/swiftlint\"\nelse\n    echo \"warning: SwiftLint not installed, download from https://github.com/realm/SwiftLint\"\nfi\n";
		};
/* End PBXShellScriptBuildPhase section */

/* Begin PBXSourcesBuildPhase section */
		F89D8F6E2636404E007A34CF /* Sources */ = {
			isa = PBXSourcesBuildPhase;
			buildActionMask = 2147483647;
			files = (
				F89CB0F6263B0343009FA1AD /* APIClientService.swift in Sources */,
				F89CB0EE263B0313009FA1AD /* AtomicWrapper.swift in Sources */,
				F8108D49263F21CB00AFD73A /* TVSerialSummery.swift in Sources */,
				F8106E7E26372C9900653AF8 /* Storyboard+Casting.swift in Sources */,
				F8106DD82637026300653AF8 /* UIImage+Additionals.swift in Sources */,
				F87D9BBC264AFF3A0075DD47 /* HomeViewModelsFactory.swift in Sources */,
				F86E995A264341B600F89FF8 /* HomeViewController.swift in Sources */,
				F87D9BC7264AFFFE0075DD47 /* HomeDependencyContainer.swift in Sources */,
				F8108D7C263F33BD00AFD73A /* SearchRemoteRepository.swift in Sources */,
				F89CB1D8263B3C37009FA1AD /* APIServerResponse.swift in Sources */,
				F86E996D2643468700F89FF8 /* HomeViewModel.swift in Sources */,
				F8106E6F263723E100653AF8 /* Bundle+Extension.swift in Sources */,
				F8108D77263F33AE00AFD73A /* DiscoverRemoteRepository.swift in Sources */,
				F8CF58512645BF9000D80790 /* HomeMovieCollectionCell.swift in Sources */,
				F8106E6526371DF900653AF8 /* UITextField+Localization.swift in Sources */,
				F89CB0A2263AD499009FA1AD /* APIParametersRequest.swift in Sources */,
				F8108D34263F1BE300AFD73A /* ProductionCompany.swift in Sources */,
				F86E993E2643235D00F89FF8 /* AppCoordinator.swift in Sources */,
				F86E997F264346C400F89FF8 /* HomeSectionBaseViewModel.swift in Sources */,
				F86E98AA2642FB6500F89FF8 /* TVUseCases.swift in Sources */,
				F8106DD22636FFE200653AF8 /* ImageAsset.swift in Sources */,
				F8108D63263F337100AFD73A /* MoviesRemoteRepository.swift in Sources */,
				F8CF58582645BFA800D80790 /* HomeShowCollectionCell.swift in Sources */,
				F8106E2326370E6800653AF8 /* UICollectionView+Helper.swift in Sources */,
				F86E9984264346E400F89FF8 /* HomeMovieViewModel.swift in Sources */,
				F86E98A52642F6A500F89FF8 /* TVRepository.swift in Sources */,
				F89D8F762636404E007A34CF /* AppDelegate.swift in Sources */,
				F8108D16263F17AC00AFD73A /* MovieSummery.swift in Sources */,
				F8106E6A26371F0500653AF8 /* UIView+Animation.swift in Sources */,
				F8108D39263F1C1800AFD73A /* ProductionCountry.swift in Sources */,
				F86E989A2642EF0D00F89FF8 /* MoviesUseCasesImp.swift in Sources */,
				F8108D11263F130500AFD73A /* Dates.swift in Sources */,
				F8532F1E26460B27000FB4A8 /* HomeSectionLayout.swift in Sources */,
				F89CB094263AD219009FA1AD /* NetworkRequest.swift in Sources */,
				F8893F9826464AD700EC72FD /* LateInitWrapper.swift in Sources */,
				F8106E1E26370E4D00653AF8 /* UITableView+Helper.swift in Sources */,
				F8106E1926370D1000653AF8 /* UIColor+Extensions.swift in Sources */,
				F86E99502643254800F89FF8 /* HomeCoordinator.swift in Sources */,
				F8108D43263F1D8A00AFD73A /* Image.swift in Sources */,
				F86E997A264346B400F89FF8 /* HomeShowsViewModel.swift in Sources */,
				F86E998D264347F600F89FF8 /* HomeShowViewModel.swift in Sources */,
				F8106E792637263700653AF8 /* DispatchQueue+Additional.swift in Sources */,
				F89CB1D3263B3C2B009FA1AD /* APIServerResponseError.swift in Sources */,
				F89CB0D3263AF017009FA1AD /* NetworkService.swift in Sources */,
				F87D9BE4264B12160075DD47 /* TVUseCaseFactory.swift in Sources */,
				F89CB0AC263AD511009FA1AD /* HTTPResponseValidation.swift in Sources */,
				F8108D1B263F190400AFD73A /* MovieDetail.swift in Sources */,
				F8CF584A2645B52D00D80790 /* HomeSectionHeaderView.swift in Sources */,
				F8106E2826370EB300653AF8 /* UIView+Nibs.swift in Sources */,
				F89CB1C5263B30E1009FA1AD /* AppConfig.swift in Sources */,
				F8DB5E6B26505C2100A58B59 /* RemoteImageAssetBuilder.swift in Sources */,
				F8893F8626462EF500EC72FD /* RxSwift+Unwrap.swift in Sources */,
				F87D9BF5264B29F90075DD47 /* CoordinatorFactory.swift in Sources */,
				F89CB099263AD2D5009FA1AD /* NetworkResponseValidation.swift in Sources */,
				F86E99432643243A00F89FF8 /* MainCoordinator.swift in Sources */,
				F87D9BDC264B11200075DD47 /* MovieUseCaseFactory.swift in Sources */,
				F89CB0A7263AD4AB009FA1AD /* APIEncodableRequest.swift in Sources */,
				F86E98AF2642FC1100F89FF8 /* TVUseCasesImp.swift in Sources */,
				F8108CF1263F011100AFD73A /* AnyPublisher+Helper.swift in Sources */,
				F8108D3E263F1C6200AFD73A /* Video.swift in Sources */,
				F87D9BD1264B01E40075DD47 /* HomeViewControllerFactory.swift in Sources */,
				F8108D26263F195600AFD73A /* SpokenLanguage.swift in Sources */,
				F8106DCD2636E1CE00653AF8 /* Logger.swift in Sources */,
				F8893F8B2646474100EC72FD /* HomePopularMoviesViewModel.swift in Sources */,
				F8106E6026371DE800653AF8 /* UIButton+Localization.swift in Sources */,
				F8106E842637322600653AF8 /* NibWrapper.swift in Sources */,
				F8106DE62637068600653AF8 /* String+EmptyChecker.swift in Sources */,
				F87D9B93264AE60C0075DD47 /* HomePopularShowsViewModel.swift in Sources */,
				F86E98942642ED8700F89FF8 /* MoviesUseCases.swift in Sources */,
				F876E9252641D87F00DCC255 /* MoviesRepository.swift in Sources */,
				F87D9BD6264B0C320075DD47 /* AppDependencyContainer.swift in Sources */,
				F8F15456264479BE005A26A0 /* ShowCollectionViewCell.swift in Sources */,
				F8893F902646475A00EC72FD /* HomeNowPlayingMoviesViewModel.swift in Sources */,
				F86E98C126430B8E00F89FF8 /* Storyboarded.swift in Sources */,
				F8893F9D26464BC700EC72FD /* HomeTopRatedMoviesViewModel.swift in Sources */,
				F8F1544F264479AB005A26A0 /* MovieCollectionViewCell.swift in Sources */,
				F8106E5A26371DAA00653AF8 /* UINavigationBarItem+Localization.swift in Sources */,
				F8108D2C263F1B9400AFD73A /* Genre.swift in Sources */,
				F8108D51263F220300AFD73A /* TVSerialDetail.swift in Sources */,
				F8106DE12637062E00653AF8 /* String+Localization.swift in Sources */,
				F8106E1426370CA900653AF8 /* Result+Extension.swift in Sources */,
				F89CB1CB263B3C22009FA1AD /* APIServerResponseStatus.swift in Sources */,
				F8106E742637247100653AF8 /* Collection+Additionals.swift in Sources */,
				F86E9962264344D500F89FF8 /* Bindable.swift in Sources */,
				F8108D0C263F129F00AFD73A /* Pagination.swift in Sources */,
				F89CB114263B11FE009FA1AD /* APIAuthenticatior.swift in Sources */,
				F86E99752643469C00F89FF8 /* HomeMoviesViewModel.swift in Sources */,
				F8108D6F263F339E00AFD73A /* TVRemoteRepository.swift in Sources */,
				F87D9B98264AE6240075DD47 /* HomeOnTheAirShowsViewModel.swift in Sources */,
				F8108D57263F2C1F00AFD73A /* APIConfigs.swift in Sources */,
				F8893F8126462ECA00EC72FD /* Single+Additionals.swift in Sources */,
				F8DB5E6626504A7A00A58B59 /* UIImageView+SDWebImage.swift in Sources */,
				F8106E5526371CE200653AF8 /* UILabel+Localization.swift in Sources */,
			);
			runOnlyForDeploymentPostprocessing = 0;
		};
		F89D8F7F26364052007A34CF /* Sources */ = {
			isa = PBXSourcesBuildPhase;
			buildActionMask = 2147483647;
			files = (
				F876E93F2641F57E00DCC255 /* MoviesRepositoryTests.swift in Sources */,
				F89CB0D8263AF61B009FA1AD /* NetworkServiceMockTests.swift in Sources */,
				F89CB0C4263ADBC4009FA1AD /* UnitTestError.swift in Sources */,
				F89CB103263B06C6009FA1AD /* MockBuilder.swift in Sources */,
				F89CB0FB263B0631009FA1AD /* NetworkServiceTests.swift in Sources */,
				F86E988C2642E00D00F89FF8 /* MoviesRepositoryIntegrationTests.swift in Sources */,
				F8E7EE892641FD1E008781E4 /* RepositoriesHelper.swift in Sources */,
				F89CB0BC263ADAC4009FA1AD /* MockNetworkHelper.swift in Sources */,
				F89CB0CE263AE790009FA1AD /* APIPostModel.swift in Sources */,
				F876E93A2641EC1400DCC255 /* MoviesRepositoryMockTest.swift in Sources */,
				F89CB0C9263ADE56009FA1AD /* APINetworkRequestTests.swift in Sources */,
				F89CB0B3263AD7C5009FA1AD /* NetworkRequestMockTests.swift in Sources */,
				F89CB1E8263B479B009FA1AD /* APIServerResponseTests.swift in Sources */,
				F89CB11A263B1250009FA1AD /* APIAuthenticatorTests.swift in Sources */,
				F89D8F8826364052007A34CF /* YouTVDemoTests.swift in Sources */,
			);
			runOnlyForDeploymentPostprocessing = 0;
		};
		F89D8F8A26364052007A34CF /* Sources */ = {
			isa = PBXSourcesBuildPhase;
			buildActionMask = 2147483647;
			files = (
				F89D8F9326364053007A34CF /* YouTVDemoUITests.swift in Sources */,
			);
			runOnlyForDeploymentPostprocessing = 0;
		};
/* End PBXSourcesBuildPhase section */

/* Begin PBXTargetDependency section */
		F89D8F8526364052007A34CF /* PBXTargetDependency */ = {
			isa = PBXTargetDependency;
			target = F89D8F712636404E007A34CF /* YouTVDemo */;
			targetProxy = F89D8F8426364052007A34CF /* PBXContainerItemProxy */;
		};
		F89D8F9026364053007A34CF /* PBXTargetDependency */ = {
			isa = PBXTargetDependency;
			target = F89D8F712636404E007A34CF /* YouTVDemo */;
			targetProxy = F89D8F8F26364053007A34CF /* PBXContainerItemProxy */;
		};
/* End PBXTargetDependency section */

/* Begin PBXVariantGroup section */
		F8106D852636D7C400653AF8 /* Main.storyboard */ = {
			isa = PBXVariantGroup;
			children = (
				F8106D862636D7C400653AF8 /* Base */,
			);
			name = Main.storyboard;
			sourceTree = "<group>";
		};
		F8106DB32636D9E700653AF8 /* Localizable.strings */ = {
			isa = PBXVariantGroup;
			children = (
				F8106DB42636D9E700653AF8 /* Base */,
				F8106DBE2636D9F200653AF8 /* en */,
				F8106DBF2636D9F400653AF8 /* da-DK */,
			);
			name = Localizable.strings;
			sourceTree = "<group>";
		};
		F8106DB52636D9E700653AF8 /* InfoPlist.strings */ = {
			isa = PBXVariantGroup;
			children = (
				F8106DB62636D9E700653AF8 /* Base */,
				F8106DBC2636D9EA00653AF8 /* en */,
				F8106DBD2636D9EC00653AF8 /* da-DK */,
			);
			name = InfoPlist.strings;
			sourceTree = "<group>";
		};
		F89D8F7B26364052007A34CF /* LaunchScreen.storyboard */ = {
			isa = PBXVariantGroup;
			children = (
				F89D8F7C26364052007A34CF /* Base */,
			);
			name = LaunchScreen.storyboard;
			sourceTree = "<group>";
		};
/* End PBXVariantGroup section */

/* Begin XCBuildConfiguration section */
		F89D8F9526364053007A34CF /* Debug */ = {
			isa = XCBuildConfiguration;
			buildSettings = {
				ALWAYS_SEARCH_USER_PATHS = NO;
				CLANG_ANALYZER_LOCALIZABILITY_NONLOCALIZED = YES;
				CLANG_ANALYZER_NONNULL = YES;
				CLANG_ANALYZER_NUMBER_OBJECT_CONVERSION = YES_AGGRESSIVE;
				CLANG_CXX_LANGUAGE_STANDARD = "gnu++14";
				CLANG_CXX_LIBRARY = "libc++";
				CLANG_ENABLE_MODULES = YES;
				CLANG_ENABLE_OBJC_ARC = YES;
				CLANG_ENABLE_OBJC_WEAK = YES;
				CLANG_WARN_BLOCK_CAPTURE_AUTORELEASING = YES;
				CLANG_WARN_BOOL_CONVERSION = YES;
				CLANG_WARN_COMMA = YES;
				CLANG_WARN_CONSTANT_CONVERSION = YES;
				CLANG_WARN_DEPRECATED_OBJC_IMPLEMENTATIONS = YES;
				CLANG_WARN_DIRECT_OBJC_ISA_USAGE = YES_ERROR;
				CLANG_WARN_DOCUMENTATION_COMMENTS = YES;
				CLANG_WARN_EMPTY_BODY = YES;
				CLANG_WARN_ENUM_CONVERSION = YES;
				CLANG_WARN_INFINITE_RECURSION = YES;
				CLANG_WARN_INT_CONVERSION = YES;
				CLANG_WARN_NON_LITERAL_NULL_CONVERSION = YES;
				CLANG_WARN_OBJC_IMPLICIT_RETAIN_SELF = YES;
				CLANG_WARN_OBJC_LITERAL_CONVERSION = YES;
				CLANG_WARN_OBJC_ROOT_CLASS = YES_ERROR;
				CLANG_WARN_QUOTED_INCLUDE_IN_FRAMEWORK_HEADER = YES;
				CLANG_WARN_RANGE_LOOP_ANALYSIS = YES;
				CLANG_WARN_STRICT_PROTOTYPES = YES;
				CLANG_WARN_SUSPICIOUS_MOVE = YES;
				CLANG_WARN_UNGUARDED_AVAILABILITY = YES_AGGRESSIVE;
				CLANG_WARN_UNREACHABLE_CODE = YES;
				CLANG_WARN__DUPLICATE_METHOD_MATCH = YES;
				COPY_PHASE_STRIP = NO;
				DEBUG_INFORMATION_FORMAT = dwarf;
				ENABLE_STRICT_OBJC_MSGSEND = YES;
				ENABLE_TESTABILITY = YES;
				GCC_C_LANGUAGE_STANDARD = gnu11;
				GCC_DYNAMIC_NO_PIC = NO;
				GCC_NO_COMMON_BLOCKS = YES;
				GCC_OPTIMIZATION_LEVEL = 0;
				GCC_PREPROCESSOR_DEFINITIONS = (
					"DEBUG=1",
					"$(inherited)",
				);
				GCC_WARN_64_TO_32_BIT_CONVERSION = YES;
				GCC_WARN_ABOUT_RETURN_TYPE = YES_ERROR;
				GCC_WARN_UNDECLARED_SELECTOR = YES;
				GCC_WARN_UNINITIALIZED_AUTOS = YES_AGGRESSIVE;
				GCC_WARN_UNUSED_FUNCTION = YES;
				GCC_WARN_UNUSED_VARIABLE = YES;
				IPHONEOS_DEPLOYMENT_TARGET = 14.2;
				MTL_ENABLE_DEBUG_INFO = INCLUDE_SOURCE;
				MTL_FAST_MATH = YES;
				ONLY_ACTIVE_ARCH = YES;
				SDKROOT = iphoneos;
				SWIFT_ACTIVE_COMPILATION_CONDITIONS = DEBUG;
				SWIFT_OPTIMIZATION_LEVEL = "-Onone";
			};
			name = Debug;
		};
		F89D8F9626364053007A34CF /* Release */ = {
			isa = XCBuildConfiguration;
			buildSettings = {
				ALWAYS_SEARCH_USER_PATHS = NO;
				CLANG_ANALYZER_LOCALIZABILITY_NONLOCALIZED = YES;
				CLANG_ANALYZER_NONNULL = YES;
				CLANG_ANALYZER_NUMBER_OBJECT_CONVERSION = YES_AGGRESSIVE;
				CLANG_CXX_LANGUAGE_STANDARD = "gnu++14";
				CLANG_CXX_LIBRARY = "libc++";
				CLANG_ENABLE_MODULES = YES;
				CLANG_ENABLE_OBJC_ARC = YES;
				CLANG_ENABLE_OBJC_WEAK = YES;
				CLANG_WARN_BLOCK_CAPTURE_AUTORELEASING = YES;
				CLANG_WARN_BOOL_CONVERSION = YES;
				CLANG_WARN_COMMA = YES;
				CLANG_WARN_CONSTANT_CONVERSION = YES;
				CLANG_WARN_DEPRECATED_OBJC_IMPLEMENTATIONS = YES;
				CLANG_WARN_DIRECT_OBJC_ISA_USAGE = YES_ERROR;
				CLANG_WARN_DOCUMENTATION_COMMENTS = YES;
				CLANG_WARN_EMPTY_BODY = YES;
				CLANG_WARN_ENUM_CONVERSION = YES;
				CLANG_WARN_INFINITE_RECURSION = YES;
				CLANG_WARN_INT_CONVERSION = YES;
				CLANG_WARN_NON_LITERAL_NULL_CONVERSION = YES;
				CLANG_WARN_OBJC_IMPLICIT_RETAIN_SELF = YES;
				CLANG_WARN_OBJC_LITERAL_CONVERSION = YES;
				CLANG_WARN_OBJC_ROOT_CLASS = YES_ERROR;
				CLANG_WARN_QUOTED_INCLUDE_IN_FRAMEWORK_HEADER = YES;
				CLANG_WARN_RANGE_LOOP_ANALYSIS = YES;
				CLANG_WARN_STRICT_PROTOTYPES = YES;
				CLANG_WARN_SUSPICIOUS_MOVE = YES;
				CLANG_WARN_UNGUARDED_AVAILABILITY = YES_AGGRESSIVE;
				CLANG_WARN_UNREACHABLE_CODE = YES;
				CLANG_WARN__DUPLICATE_METHOD_MATCH = YES;
				COPY_PHASE_STRIP = NO;
				DEBUG_INFORMATION_FORMAT = "dwarf-with-dsym";
				ENABLE_NS_ASSERTIONS = NO;
				ENABLE_STRICT_OBJC_MSGSEND = YES;
				GCC_C_LANGUAGE_STANDARD = gnu11;
				GCC_NO_COMMON_BLOCKS = YES;
				GCC_WARN_64_TO_32_BIT_CONVERSION = YES;
				GCC_WARN_ABOUT_RETURN_TYPE = YES_ERROR;
				GCC_WARN_UNDECLARED_SELECTOR = YES;
				GCC_WARN_UNINITIALIZED_AUTOS = YES_AGGRESSIVE;
				GCC_WARN_UNUSED_FUNCTION = YES;
				GCC_WARN_UNUSED_VARIABLE = YES;
				IPHONEOS_DEPLOYMENT_TARGET = 14.2;
				MTL_ENABLE_DEBUG_INFO = NO;
				MTL_FAST_MATH = YES;
				SDKROOT = iphoneos;
				SWIFT_COMPILATION_MODE = wholemodule;
				SWIFT_OPTIMIZATION_LEVEL = "-O";
				VALIDATE_PRODUCT = YES;
			};
			name = Release;
		};
		F89D8F9826364053007A34CF /* Debug */ = {
			isa = XCBuildConfiguration;
			baseConfigurationReference = C10E31255956133E108A12C5 /* Pods-YouTVDemo.debug.xcconfig */;
			buildSettings = {
				ASSETCATALOG_COMPILER_APPICON_NAME = AppIcon;
				ASSETCATALOG_COMPILER_GLOBAL_ACCENT_COLOR_NAME = AccentColor;
				CODE_SIGN_STYLE = Automatic;
				DEVELOPMENT_TEAM = 638B4QA28J;
				INFOPLIST_FILE = YouTVDemo/Info.plist;
				IPHONEOS_DEPLOYMENT_TARGET = 13.0;
				LD_RUNPATH_SEARCH_PATHS = (
					"$(inherited)",
					"@executable_path/Frameworks",
				);
				PRODUCT_BUNDLE_IDENTIFIER = me.ifarshad.YouTVDemo;
				PRODUCT_NAME = "$(TARGET_NAME)";
				SWIFT_VERSION = 5.0;
				TARGETED_DEVICE_FAMILY = 1;
			};
			name = Debug;
		};
		F89D8F9926364053007A34CF /* Release */ = {
			isa = XCBuildConfiguration;
			baseConfigurationReference = 93A33151E2541330E3FE82FE /* Pods-YouTVDemo.release.xcconfig */;
			buildSettings = {
				ASSETCATALOG_COMPILER_APPICON_NAME = AppIcon;
				ASSETCATALOG_COMPILER_GLOBAL_ACCENT_COLOR_NAME = AccentColor;
				CODE_SIGN_STYLE = Automatic;
				DEVELOPMENT_TEAM = 638B4QA28J;
				INFOPLIST_FILE = YouTVDemo/Info.plist;
				IPHONEOS_DEPLOYMENT_TARGET = 13.0;
				LD_RUNPATH_SEARCH_PATHS = (
					"$(inherited)",
					"@executable_path/Frameworks",
				);
				PRODUCT_BUNDLE_IDENTIFIER = me.ifarshad.YouTVDemo;
				PRODUCT_NAME = "$(TARGET_NAME)";
				SWIFT_VERSION = 5.0;
				TARGETED_DEVICE_FAMILY = 1;
			};
			name = Release;
		};
		F89D8F9B26364053007A34CF /* Debug */ = {
			isa = XCBuildConfiguration;
			baseConfigurationReference = A20C5FE47B93D367EF31F796 /* Pods-YouTVDemoTests.debug.xcconfig */;
			buildSettings = {
				ALWAYS_EMBED_SWIFT_STANDARD_LIBRARIES = YES;
				BUNDLE_LOADER = "$(TEST_HOST)";
				CODE_SIGN_STYLE = Automatic;
				DEVELOPMENT_TEAM = 638B4QA28J;
				INFOPLIST_FILE = YouTVDemoTests/Info.plist;
				IPHONEOS_DEPLOYMENT_TARGET = 14.2;
				LD_RUNPATH_SEARCH_PATHS = (
					"$(inherited)",
					"@executable_path/Frameworks",
					"@loader_path/Frameworks",
				);
				PRODUCT_BUNDLE_IDENTIFIER = me.ifarshad.YouTVDemoTests;
				PRODUCT_NAME = "$(TARGET_NAME)";
				SWIFT_VERSION = 5.0;
				TARGETED_DEVICE_FAMILY = "1,2";
				TEST_HOST = "$(BUILT_PRODUCTS_DIR)/YouTVDemo.app/YouTVDemo";
			};
			name = Debug;
		};
		F89D8F9C26364053007A34CF /* Release */ = {
			isa = XCBuildConfiguration;
			baseConfigurationReference = F70519D2E2018B25012634F8 /* Pods-YouTVDemoTests.release.xcconfig */;
			buildSettings = {
				ALWAYS_EMBED_SWIFT_STANDARD_LIBRARIES = YES;
				BUNDLE_LOADER = "$(TEST_HOST)";
				CODE_SIGN_STYLE = Automatic;
				DEVELOPMENT_TEAM = 638B4QA28J;
				INFOPLIST_FILE = YouTVDemoTests/Info.plist;
				IPHONEOS_DEPLOYMENT_TARGET = 14.2;
				LD_RUNPATH_SEARCH_PATHS = (
					"$(inherited)",
					"@executable_path/Frameworks",
					"@loader_path/Frameworks",
				);
				PRODUCT_BUNDLE_IDENTIFIER = me.ifarshad.YouTVDemoTests;
				PRODUCT_NAME = "$(TARGET_NAME)";
				SWIFT_VERSION = 5.0;
				TARGETED_DEVICE_FAMILY = "1,2";
				TEST_HOST = "$(BUILT_PRODUCTS_DIR)/YouTVDemo.app/YouTVDemo";
			};
			name = Release;
		};
		F89D8F9E26364053007A34CF /* Debug */ = {
			isa = XCBuildConfiguration;
			buildSettings = {
				ALWAYS_EMBED_SWIFT_STANDARD_LIBRARIES = YES;
				CODE_SIGN_STYLE = Automatic;
				DEVELOPMENT_TEAM = 638B4QA28J;
				INFOPLIST_FILE = YouTVDemoUITests/Info.plist;
				LD_RUNPATH_SEARCH_PATHS = (
					"$(inherited)",
					"@executable_path/Frameworks",
					"@loader_path/Frameworks",
				);
				PRODUCT_BUNDLE_IDENTIFIER = me.ifarshad.YouTVDemoUITests;
				PRODUCT_NAME = "$(TARGET_NAME)";
				SWIFT_VERSION = 5.0;
				TARGETED_DEVICE_FAMILY = "1,2";
				TEST_TARGET_NAME = YouTVDemo;
			};
			name = Debug;
		};
		F89D8F9F26364053007A34CF /* Release */ = {
			isa = XCBuildConfiguration;
			buildSettings = {
				ALWAYS_EMBED_SWIFT_STANDARD_LIBRARIES = YES;
				CODE_SIGN_STYLE = Automatic;
				DEVELOPMENT_TEAM = 638B4QA28J;
				INFOPLIST_FILE = YouTVDemoUITests/Info.plist;
				LD_RUNPATH_SEARCH_PATHS = (
					"$(inherited)",
					"@executable_path/Frameworks",
					"@loader_path/Frameworks",
				);
				PRODUCT_BUNDLE_IDENTIFIER = me.ifarshad.YouTVDemoUITests;
				PRODUCT_NAME = "$(TARGET_NAME)";
				SWIFT_VERSION = 5.0;
				TARGETED_DEVICE_FAMILY = "1,2";
				TEST_TARGET_NAME = YouTVDemo;
			};
			name = Release;
		};
/* End XCBuildConfiguration section */

/* Begin XCConfigurationList section */
		F89D8F6D2636404E007A34CF /* Build configuration list for PBXProject "YouTVDemo" */ = {
			isa = XCConfigurationList;
			buildConfigurations = (
				F89D8F9526364053007A34CF /* Debug */,
				F89D8F9626364053007A34CF /* Release */,
			);
			defaultConfigurationIsVisible = 0;
			defaultConfigurationName = Release;
		};
		F89D8F9726364053007A34CF /* Build configuration list for PBXNativeTarget "YouTVDemo" */ = {
			isa = XCConfigurationList;
			buildConfigurations = (
				F89D8F9826364053007A34CF /* Debug */,
				F89D8F9926364053007A34CF /* Release */,
			);
			defaultConfigurationIsVisible = 0;
			defaultConfigurationName = Release;
		};
		F89D8F9A26364053007A34CF /* Build configuration list for PBXNativeTarget "YouTVDemoTests" */ = {
			isa = XCConfigurationList;
			buildConfigurations = (
				F89D8F9B26364053007A34CF /* Debug */,
				F89D8F9C26364053007A34CF /* Release */,
			);
			defaultConfigurationIsVisible = 0;
			defaultConfigurationName = Release;
		};
		F89D8F9D26364053007A34CF /* Build configuration list for PBXNativeTarget "YouTVDemoUITests" */ = {
			isa = XCConfigurationList;
			buildConfigurations = (
				F89D8F9E26364053007A34CF /* Debug */,
				F89D8F9F26364053007A34CF /* Release */,
			);
			defaultConfigurationIsVisible = 0;
			defaultConfigurationName = Release;
		};
/* End XCConfigurationList section */
	};
	rootObject = F89D8F6A2636404E007A34CF /* Project object */;
}
